// !$*UTF8*$!
{
	archiveVersion = 1;
	classes = {
	};
	objectVersion = 46;
	objects = {

/* Begin PBXBuildFile section */
		066A866C7349593E6422184F /* ofxJSONElement.cpp in Sources */ = {isa = PBXBuildFile; fileRef = 30A543D723A15BC73425B2A6 /* ofxJSONElement.cpp */; };
		07D98F6256F1822711870096 /* ofxOscParameterSync.cpp in Sources */ = {isa = PBXBuildFile; fileRef = A7D17733FD1A930991E2CA29 /* ofxOscParameterSync.cpp */; };
		0E5D2CDD73064BF4E200008E /* ofxOscMessage.cpp in Sources */ = {isa = PBXBuildFile; fileRef = F13767DBB0C16065B3F734E4 /* ofxOscMessage.cpp */; };
		118BEC45F7B923B945BFF7B2 /* ofxTCPClient.cpp in Sources */ = {isa = PBXBuildFile; fileRef = FE2115E14953F5A6D31AA3EB /* ofxTCPClient.cpp */; };
		137FC51A79CF25B9F896B330 /* NetworkingUtils.cpp in Sources */ = {isa = PBXBuildFile; fileRef = AA97DC23A572F47E4BC45BC8 /* NetworkingUtils.cpp */; };
		174F11FA534B347592169E06 /* Statement.cpp in Sources */ = {isa = PBXBuildFile; fileRef = 2EC15D41E47280A1DD29389C /* Statement.cpp */; };
		1FE5B9320F517F3021D6BEB7 /* ofxHistoryPlot.cpp in Sources */ = {isa = PBXBuildFile; fileRef = 9420E516A7430AC135DEEE70 /* ofxHistoryPlot.cpp */; };
		22EDC12460E04869B2D0E1EF /* EEGMarker.cpp in Sources */ = {isa = PBXBuildFile; fileRef = 09936322DF32493FFB9679DC /* EEGMarker.cpp */; };
		2CEEF56663696A0AF582C3B8 /* Backup.cpp in Sources */ = {isa = PBXBuildFile; fileRef = 7E0209FFAA7C504644FB2C02 /* Backup.cpp */; };
		33F4BBE2DAAA9375576C2889 /* ofxUDPManager.cpp in Sources */ = {isa = PBXBuildFile; fileRef = 64A6C22BFF31132CF6E75254 /* ofxUDPManager.cpp */; };
		3E653BDF7B7FFB22364AB797 /* ofxVideoRecorder.cpp in Sources */ = {isa = PBXBuildFile; fileRef = A00BCF5BCF3270FB9CAF883B /* ofxVideoRecorder.cpp */; };
		45E72E7090A5E8E2EE4952E8 /* Column.cpp in Sources */ = {isa = PBXBuildFile; fileRef = C0578F106131841E43A178EA /* Column.cpp */; };
		48AFC243C96B9B69375AC5F9 /* OscPrintReceivedElements.cpp in Sources */ = {isa = PBXBuildFile; fileRef = 8604A2B347D6D94E9330A459 /* OscPrintReceivedElements.cpp */; };
		5E12A514DC63AC7A4EB6D6D7 /* ofxNetworkSyncClient.cpp in Sources */ = {isa = PBXBuildFile; fileRef = DE5EE1A005463431D3518B85 /* ofxNetworkSyncClient.cpp */; };
		6B562A440C5ADEC1E2294113 /* UdpSocket.cpp in Sources */ = {isa = PBXBuildFile; fileRef = 455E4754FFE2E31AE49AB3FE /* UdpSocket.cpp */; };
		79C4D3BAD91BC506D8CA703C /* ofxTCPServer.cpp in Sources */ = {isa = PBXBuildFile; fileRef = 9CE36A99735F8C7BFB181ECB /* ofxTCPServer.cpp */; };
		7C8A7FBA253B65D181C3EC02 /* Transaction.cpp in Sources */ = {isa = PBXBuildFile; fileRef = C84EFE91601DF0F045E4FCCF /* Transaction.cpp */; };
		8338FC4DF2349D07EEECB164 /* EEGPlot.cpp in Sources */ = {isa = PBXBuildFile; fileRef = 61A3667C0587E04DFCF991EF /* EEGPlot.cpp */; };
		9AB348EA7CE0FCF870142A3B /* jsoncpp.cpp in Sources */ = {isa = PBXBuildFile; fileRef = 27C547A54A5C24ACCE3AA30B /* jsoncpp.cpp */; };
		AC481D349D653C8EAAD0CC50 /* Database.cpp in Sources */ = {isa = PBXBuildFile; fileRef = 9AB4BF7F9261EBBEE9536CFD /* Database.cpp */; };
		B65E5F1352A100697D4709E5 /* OscOutboundPacketStream.cpp in Sources */ = {isa = PBXBuildFile; fileRef = 244A884A93F941270488F82A /* OscOutboundPacketStream.cpp */; };
		BD8A8B5B2495DA10A1CA7602 /* ofxOscReceiver.cpp in Sources */ = {isa = PBXBuildFile; fileRef = 4AD77DBDFA3C3F5F138BA583 /* ofxOscReceiver.cpp */; };
		C308D89AEBC21A33D288ADE9 /* ofxNetworkSyncServer.cpp in Sources */ = {isa = PBXBuildFile; fileRef = 605D8B929081D8D529FF8F16 /* ofxNetworkSyncServer.cpp */; };
		C4BB881371C7DE1B6F7F8C1F /* ofxTCPManager.cpp in Sources */ = {isa = PBXBuildFile; fileRef = 3FC852F3C7934F8B9A6C9B19 /* ofxTCPManager.cpp */; };
		C4EACF53C3F193A3F5C9F9A1 /* OscTypes.cpp in Sources */ = {isa = PBXBuildFile; fileRef = 3C65B07902CC74C9909B5F47 /* OscTypes.cpp */; };
		C4F8CF489CA5621ADF42296D /* ofxNetworkSyncUdp.cpp in Sources */ = {isa = PBXBuildFile; fileRef = 79632B147E580D8198173055 /* ofxNetworkSyncUdp.cpp */; };
		DA6CDF7168E0F3D429D0E813 /* SQLiteCppUtils.cpp in Sources */ = {isa = PBXBuildFile; fileRef = D941938C18AB7CE1734C9491 /* SQLiteCppUtils.cpp */; };
		DE1A5EAD16C1D41A79F84C62 /* OscReceivedElements.cpp in Sources */ = {isa = PBXBuildFile; fileRef = 1474088FECD26A4FCFADA226 /* OscReceivedElements.cpp */; };
		E277EB6FCE63D6583F74051D /* ofxNetworkSyncClientState.cpp in Sources */ = {isa = PBXBuildFile; fileRef = 4B969BBE2592AA508FD37549 /* ofxNetworkSyncClientState.cpp */; };
		E4328149138ABC9F0047C5CB /* openFrameworksDebug.a in Frameworks */ = {isa = PBXBuildFile; fileRef = E4328148138ABC890047C5CB /* openFrameworksDebug.a */; };
		E4B69E200A3A1BDC003C02F2 /* main.cpp in Sources */ = {isa = PBXBuildFile; fileRef = E4B69E1D0A3A1BDC003C02F2 /* main.cpp */; };
		E4B69E210A3A1BDC003C02F2 /* ofApp.cpp in Sources */ = {isa = PBXBuildFile; fileRef = E4B69E1E0A3A1BDC003C02F2 /* ofApp.cpp */; };
		E91FD5EC72E49EBB96FA891D /* IpEndpointName.cpp in Sources */ = {isa = PBXBuildFile; fileRef = DAF081F18EE72592C7C18162 /* IpEndpointName.cpp */; };
		F39645BDF0E336000C1F38E8 /* ofxOscSender.cpp in Sources */ = {isa = PBXBuildFile; fileRef = FEF994D9489010D1243F0A52 /* ofxOscSender.cpp */; };
		F497983C61C790425A390009 /* ofxOscBundle.cpp in Sources */ = {isa = PBXBuildFile; fileRef = 51259A128C2FABE7EFC7A5B9 /* ofxOscBundle.cpp */; };
		FAC0B5AAC067761BB1359EFC /* EEGSound.cpp in Sources */ = {isa = PBXBuildFile; fileRef = 7DA5CA454A4972B9926D2E4F /* EEGSound.cpp */; };
		FD060B4833602363D6731C68 /* sqlite3.c in Sources */ = {isa = PBXBuildFile; fileRef = 9F858E64A4E56722AF3BA749 /* sqlite3.c */; };
/* End PBXBuildFile section */

/* Begin PBXContainerItemProxy section */
		E4328147138ABC890047C5CB /* PBXContainerItemProxy */ = {
			isa = PBXContainerItemProxy;
			containerPortal = E4328143138ABC890047C5CB /* openFrameworksLib.xcodeproj */;
			proxyType = 2;
			remoteGlobalIDString = E4B27C1510CBEB8E00536013;
			remoteInfo = openFrameworks;
		};
		E4EEB9AB138B136A00A80321 /* PBXContainerItemProxy */ = {
			isa = PBXContainerItemProxy;
			containerPortal = E4328143138ABC890047C5CB /* openFrameworksLib.xcodeproj */;
			proxyType = 1;
			remoteGlobalIDString = E4B27C1410CBEB8E00536013;
			remoteInfo = openFrameworks;
		};
/* End PBXContainerItemProxy section */

/* Begin PBXCopyFilesBuildPhase section */
		E4C2427710CC5ABF004149E2 /* CopyFiles */ = {
			isa = PBXCopyFilesBuildPhase;
			buildActionMask = 2147483647;
			dstPath = "";
			dstSubfolderSpec = 10;
			files = (
			);
			runOnlyForDeploymentPostprocessing = 0;
		};
/* End PBXCopyFilesBuildPhase section */

/* Begin PBXFileReference section */
		07AB87917DBD3CFE20613619 /* OscReceivedElements.h */ = {isa = PBXFileReference; explicitFileType = sourcecode.c.h; fileEncoding = 30; name = OscReceivedElements.h; path = ../../../Code/of_v0.9.3_osx_release/addons/ofxOsc/libs/oscpack/src/osc/OscReceivedElements.h; sourceTree = SOURCE_ROOT; };
		093567C244C7F0356D5C33DC /* ofxUDPManager.h */ = {isa = PBXFileReference; explicitFileType = sourcecode.c.h; fileEncoding = 30; name = ofxUDPManager.h; path = ../../../Code/of_v0.9.3_osx_release/addons/ofxNetwork/src/ofxUDPManager.h; sourceTree = SOURCE_ROOT; };
		09936322DF32493FFB9679DC /* EEGMarker.cpp */ = {isa = PBXFileReference; explicitFileType = sourcecode.cpp.cpp; fileEncoding = 30; name = EEGMarker.cpp; path = src/EEGMarker.cpp; sourceTree = SOURCE_ROOT; };
		0BD1F10221BEEA8C6D6355CC /* OscHostEndianness.h */ = {isa = PBXFileReference; explicitFileType = sourcecode.c.h; fileEncoding = 30; name = OscHostEndianness.h; path = ../../../Code/of_v0.9.3_osx_release/addons/ofxOsc/libs/oscpack/src/osc/OscHostEndianness.h; sourceTree = SOURCE_ROOT; };
		11C86DA288F844097ED8C320 /* EEGSound.h */ = {isa = PBXFileReference; explicitFileType = sourcecode.c.h; fileEncoding = 30; name = EEGSound.h; path = src/EEGSound.h; sourceTree = SOURCE_ROOT; };
		12A61862A4AB9AEA277FDF65 /* sqlite3.h */ = {isa = PBXFileReference; explicitFileType = sourcecode.c.h; fileEncoding = 30; name = sqlite3.h; path = ../../../Code/of_v0.9.3_osx_release/addons/ofxSQLiteCpp/libs/SQLiteCpp/sqlite3/sqlite3.h; sourceTree = SOURCE_ROOT; };
		1474088FECD26A4FCFADA226 /* OscReceivedElements.cpp */ = {isa = PBXFileReference; explicitFileType = sourcecode.cpp.cpp; fileEncoding = 30; name = OscReceivedElements.cpp; path = ../../../Code/of_v0.9.3_osx_release/addons/ofxOsc/libs/oscpack/src/osc/OscReceivedElements.cpp; sourceTree = SOURCE_ROOT; };
		15348A88FA46BA2FC4DDA514 /* ofxTCPClient.h */ = {isa = PBXFileReference; explicitFileType = sourcecode.c.h; fileEncoding = 30; name = ofxTCPClient.h; path = ../../../Code/of_v0.9.3_osx_release/addons/ofxNetwork/src/ofxTCPClient.h; sourceTree = SOURCE_ROOT; };
		20E24F6DB8BE00397A265188 /* ofxNetworkSyncConstants.h */ = {isa = PBXFileReference; explicitFileType = sourcecode.c.h; fileEncoding = 30; name = ofxNetworkSyncConstants.h; path = ../../../Code/of_v0.9.3_osx_release/addons/ofxNetworkSync/src/ofxNetworkSyncConstants.h; sourceTree = SOURCE_ROOT; };
		23263F4EF369CD1F31879E29 /* ofxNetworkSyncUdp.h */ = {isa = PBXFileReference; explicitFileType = sourcecode.c.h; fileEncoding = 30; name = ofxNetworkSyncUdp.h; path = ../../../Code/of_v0.9.3_osx_release/addons/ofxNetworkSync/src/ofxNetworkSyncUdp.h; sourceTree = SOURCE_ROOT; };
		244A884A93F941270488F82A /* OscOutboundPacketStream.cpp */ = {isa = PBXFileReference; explicitFileType = sourcecode.cpp.cpp; fileEncoding = 30; name = OscOutboundPacketStream.cpp; path = ../../../Code/of_v0.9.3_osx_release/addons/ofxOsc/libs/oscpack/src/osc/OscOutboundPacketStream.cpp; sourceTree = SOURCE_ROOT; };
		27BA92DD0033BD38FB3F5E6A /* ofxOscMessage.h */ = {isa = PBXFileReference; explicitFileType = sourcecode.c.h; fileEncoding = 30; name = ofxOscMessage.h; path = ../../../Code/of_v0.9.3_osx_release/addons/ofxOsc/src/ofxOscMessage.h; sourceTree = SOURCE_ROOT; };
		27C547A54A5C24ACCE3AA30B /* jsoncpp.cpp */ = {isa = PBXFileReference; explicitFileType = sourcecode.cpp.cpp; fileEncoding = 30; name = jsoncpp.cpp; path = ../../../Code/of_v0.9.3_osx_release/addons/ofxJSON/libs/jsoncpp/src/jsoncpp.cpp; sourceTree = SOURCE_ROOT; };
		2EC15D41E47280A1DD29389C /* Statement.cpp */ = {isa = PBXFileReference; explicitFileType = sourcecode.cpp.cpp; fileEncoding = 30; name = Statement.cpp; path = ../../../Code/of_v0.9.3_osx_release/addons/ofxSQLiteCpp/libs/SQLiteCpp/src/Statement.cpp; sourceTree = SOURCE_ROOT; };
		30A543D723A15BC73425B2A6 /* ofxJSONElement.cpp */ = {isa = PBXFileReference; explicitFileType = sourcecode.cpp.cpp; fileEncoding = 30; name = ofxJSONElement.cpp; path = ../../../Code/of_v0.9.3_osx_release/addons/ofxJSON/src/ofxJSONElement.cpp; sourceTree = SOURCE_ROOT; };
		3C1E976E6FE2BE2FFDCE7F00 /* json.h */ = {isa = PBXFileReference; explicitFileType = sourcecode.c.h; fileEncoding = 30; name = json.h; path = ../../../Code/of_v0.9.3_osx_release/addons/ofxJSON/libs/jsoncpp/include/json/json.h; sourceTree = SOURCE_ROOT; };
		3C21F70B0914DFA1D265D296 /* ofxVideoRecorder.h */ = {isa = PBXFileReference; explicitFileType = sourcecode.c.h; fileEncoding = 30; name = ofxVideoRecorder.h; path = ../../../Code/of_v0.9.3_osx_release/addons/ofxVideoRecorder/src/ofxVideoRecorder.h; sourceTree = SOURCE_ROOT; };
		3C65B07902CC74C9909B5F47 /* OscTypes.cpp */ = {isa = PBXFileReference; explicitFileType = sourcecode.cpp.cpp; fileEncoding = 30; name = OscTypes.cpp; path = ../../../Code/of_v0.9.3_osx_release/addons/ofxOsc/libs/oscpack/src/osc/OscTypes.cpp; sourceTree = SOURCE_ROOT; };
		3D5833FC112914682400E7D4 /* OscOutboundPacketStream.h */ = {isa = PBXFileReference; explicitFileType = sourcecode.c.h; fileEncoding = 30; name = OscOutboundPacketStream.h; path = ../../../Code/of_v0.9.3_osx_release/addons/ofxOsc/libs/oscpack/src/osc/OscOutboundPacketStream.h; sourceTree = SOURCE_ROOT; };
		3FC852F3C7934F8B9A6C9B19 /* ofxTCPManager.cpp */ = {isa = PBXFileReference; explicitFileType = sourcecode.cpp.cpp; fileEncoding = 30; name = ofxTCPManager.cpp; path = ../../../Code/of_v0.9.3_osx_release/addons/ofxNetwork/src/ofxTCPManager.cpp; sourceTree = SOURCE_ROOT; };
		41BA968219DD07E6E86C8C0D /* json-forwards.h */ = {isa = PBXFileReference; explicitFileType = sourcecode.c.h; fileEncoding = 30; name = "json-forwards.h"; path = "../../../Code/of_v0.9.3_osx_release/addons/ofxJSON/libs/jsoncpp/include/json/json-forwards.h"; sourceTree = SOURCE_ROOT; };
		41CD0AC784261E5E78753142 /* TimerListener.h */ = {isa = PBXFileReference; explicitFileType = sourcecode.c.h; fileEncoding = 30; name = TimerListener.h; path = ../../../Code/of_v0.9.3_osx_release/addons/ofxOsc/libs/oscpack/src/ip/TimerListener.h; sourceTree = SOURCE_ROOT; };
		43B0BC27EF6F2752EE126E56 /* ofxOscArg.h */ = {isa = PBXFileReference; explicitFileType = sourcecode.c.h; fileEncoding = 30; name = ofxOscArg.h; path = ../../../Code/of_v0.9.3_osx_release/addons/ofxOsc/src/ofxOscArg.h; sourceTree = SOURCE_ROOT; };
		455E4754FFE2E31AE49AB3FE /* UdpSocket.cpp */ = {isa = PBXFileReference; explicitFileType = sourcecode.cpp.cpp; fileEncoding = 30; name = UdpSocket.cpp; path = ../../../Code/of_v0.9.3_osx_release/addons/ofxOsc/libs/oscpack/src/ip/posix/UdpSocket.cpp; sourceTree = SOURCE_ROOT; };
		493936ED34CEE2144AC877EE /* ofxJSONElement.h */ = {isa = PBXFileReference; explicitFileType = sourcecode.c.h; fileEncoding = 30; name = ofxJSONElement.h; path = ../../../Code/of_v0.9.3_osx_release/addons/ofxJSON/src/ofxJSONElement.h; sourceTree = SOURCE_ROOT; };
		4AD77DBDFA3C3F5F138BA583 /* ofxOscReceiver.cpp */ = {isa = PBXFileReference; explicitFileType = sourcecode.cpp.cpp; fileEncoding = 30; name = ofxOscReceiver.cpp; path = ../../../Code/of_v0.9.3_osx_release/addons/ofxOsc/src/ofxOscReceiver.cpp; sourceTree = SOURCE_ROOT; };
		4B969BBE2592AA508FD37549 /* ofxNetworkSyncClientState.cpp */ = {isa = PBXFileReference; explicitFileType = sourcecode.cpp.cpp; fileEncoding = 30; name = ofxNetworkSyncClientState.cpp; path = ../../../Code/of_v0.9.3_osx_release/addons/ofxNetworkSync/src/ofxNetworkSyncClientState.cpp; sourceTree = SOURCE_ROOT; };
		4D1AC3E2AC98A8C584372450 /* EEGMarker.h */ = {isa = PBXFileReference; explicitFileType = sourcecode.c.h; fileEncoding = 30; name = EEGMarker.h; path = src/EEGMarker.h; sourceTree = SOURCE_ROOT; };
		4FEF81DCA414362E16B00324 /* OscPacketListener.h */ = {isa = PBXFileReference; explicitFileType = sourcecode.c.h; fileEncoding = 30; name = OscPacketListener.h; path = ../../../Code/of_v0.9.3_osx_release/addons/ofxOsc/libs/oscpack/src/osc/OscPacketListener.h; sourceTree = SOURCE_ROOT; };
		503BFC63EF5AC3FAA1280F57 /* ofxNetworkSyncServer.h */ = {isa = PBXFileReference; explicitFileType = sourcecode.c.h; fileEncoding = 30; name = ofxNetworkSyncServer.h; path = ../../../Code/of_v0.9.3_osx_release/addons/ofxNetworkSync/src/ofxNetworkSyncServer.h; sourceTree = SOURCE_ROOT; };
		51259A128C2FABE7EFC7A5B9 /* ofxOscBundle.cpp */ = {isa = PBXFileReference; explicitFileType = sourcecode.cpp.cpp; fileEncoding = 30; name = ofxOscBundle.cpp; path = ../../../Code/of_v0.9.3_osx_release/addons/ofxOsc/src/ofxOscBundle.cpp; sourceTree = SOURCE_ROOT; };
		51AA591C66CA87A37FECD36E /* OscTypes.h */ = {isa = PBXFileReference; explicitFileType = sourcecode.c.h; fileEncoding = 30; name = OscTypes.h; path = ../../../Code/of_v0.9.3_osx_release/addons/ofxOsc/libs/oscpack/src/osc/OscTypes.h; sourceTree = SOURCE_ROOT; };
		5399AC15F6145E71D6C1BC71 /* ofxOscParameterSync.h */ = {isa = PBXFileReference; explicitFileType = sourcecode.c.h; fileEncoding = 30; name = ofxOscParameterSync.h; path = ../../../Code/of_v0.9.3_osx_release/addons/ofxOsc/src/ofxOscParameterSync.h; sourceTree = SOURCE_ROOT; };
		53A87660D6020CE8D6519D16 /* OscPrintReceivedElements.h */ = {isa = PBXFileReference; explicitFileType = sourcecode.c.h; fileEncoding = 30; name = OscPrintReceivedElements.h; path = ../../../Code/of_v0.9.3_osx_release/addons/ofxOsc/libs/oscpack/src/osc/OscPrintReceivedElements.h; sourceTree = SOURCE_ROOT; };
		5A3F55D50CC494BD9DCA6CE1 /* ofxNetworkSync.h */ = {isa = PBXFileReference; explicitFileType = sourcecode.c.h; fileEncoding = 30; name = ofxNetworkSync.h; path = ../../../Code/of_v0.9.3_osx_release/addons/ofxNetworkSync/src/ofxNetworkSync.h; sourceTree = SOURCE_ROOT; };
		605D8B929081D8D529FF8F16 /* ofxNetworkSyncServer.cpp */ = {isa = PBXFileReference; explicitFileType = sourcecode.cpp.cpp; fileEncoding = 30; name = ofxNetworkSyncServer.cpp; path = ../../../Code/of_v0.9.3_osx_release/addons/ofxNetworkSync/src/ofxNetworkSyncServer.cpp; sourceTree = SOURCE_ROOT; };
		61A3667C0587E04DFCF991EF /* EEGPlot.cpp */ = {isa = PBXFileReference; explicitFileType = sourcecode.cpp.cpp; fileEncoding = 30; name = EEGPlot.cpp; path = src/EEGPlot.cpp; sourceTree = SOURCE_ROOT; };
		64A6C22BFF31132CF6E75254 /* ofxUDPManager.cpp */ = {isa = PBXFileReference; explicitFileType = sourcecode.cpp.cpp; fileEncoding = 30; name = ofxUDPManager.cpp; path = ../../../Code/of_v0.9.3_osx_release/addons/ofxNetwork/src/ofxUDPManager.cpp; sourceTree = SOURCE_ROOT; };
		6510E0E939990902E98267C3 /* OscException.h */ = {isa = PBXFileReference; explicitFileType = sourcecode.c.h; fileEncoding = 30; name = OscException.h; path = ../../../Code/of_v0.9.3_osx_release/addons/ofxOsc/libs/oscpack/src/osc/OscException.h; sourceTree = SOURCE_ROOT; };
		65E9926688639FF94B1AE810 /* ofxOscBundle.h */ = {isa = PBXFileReference; explicitFileType = sourcecode.c.h; fileEncoding = 30; name = ofxOscBundle.h; path = ../../../Code/of_v0.9.3_osx_release/addons/ofxOsc/src/ofxOscBundle.h; sourceTree = SOURCE_ROOT; };
		6BF52309B004DB18EC241B24 /* ofxNetwork.h */ = {isa = PBXFileReference; explicitFileType = sourcecode.c.h; fileEncoding = 30; name = ofxNetwork.h; path = ../../../Code/of_v0.9.3_osx_release/addons/ofxNetwork/src/ofxNetwork.h; sourceTree = SOURCE_ROOT; };
		79632B147E580D8198173055 /* ofxNetworkSyncUdp.cpp */ = {isa = PBXFileReference; explicitFileType = sourcecode.cpp.cpp; fileEncoding = 30; name = ofxNetworkSyncUdp.cpp; path = ../../../Code/of_v0.9.3_osx_release/addons/ofxNetworkSync/src/ofxNetworkSyncUdp.cpp; sourceTree = SOURCE_ROOT; };
		7DA5CA454A4972B9926D2E4F /* EEGSound.cpp */ = {isa = PBXFileReference; explicitFileType = sourcecode.cpp.cpp; fileEncoding = 30; name = EEGSound.cpp; path = src/EEGSound.cpp; sourceTree = SOURCE_ROOT; };
		7E0209FFAA7C504644FB2C02 /* Backup.cpp */ = {isa = PBXFileReference; explicitFileType = sourcecode.cpp.cpp; fileEncoding = 30; name = Backup.cpp; path = ../../../Code/of_v0.9.3_osx_release/addons/ofxSQLiteCpp/libs/SQLiteCpp/src/Backup.cpp; sourceTree = SOURCE_ROOT; };
		7F09F57F1AEEA20C78605FF0 /* SQLiteCppUtils.h */ = {isa = PBXFileReference; explicitFileType = sourcecode.c.h; fileEncoding = 30; name = SQLiteCppUtils.h; path = ../../../Code/of_v0.9.3_osx_release/addons/ofxSQLiteCpp/src/SQLiteCppUtils.h; sourceTree = SOURCE_ROOT; };
		8024A90309C165532C2BE09C /* ofxTCPServer.h */ = {isa = PBXFileReference; explicitFileType = sourcecode.c.h; fileEncoding = 30; name = ofxTCPServer.h; path = ../../../Code/of_v0.9.3_osx_release/addons/ofxNetwork/src/ofxTCPServer.h; sourceTree = SOURCE_ROOT; };
		8604A2B347D6D94E9330A459 /* OscPrintReceivedElements.cpp */ = {isa = PBXFileReference; explicitFileType = sourcecode.cpp.cpp; fileEncoding = 30; name = OscPrintReceivedElements.cpp; path = ../../../Code/of_v0.9.3_osx_release/addons/ofxOsc/libs/oscpack/src/osc/OscPrintReceivedElements.cpp; sourceTree = SOURCE_ROOT; };
		863B82559C5BCB39B02D878F /* ofxTCPManager.h */ = {isa = PBXFileReference; explicitFileType = sourcecode.c.h; fileEncoding = 30; name = ofxTCPManager.h; path = ../../../Code/of_v0.9.3_osx_release/addons/ofxNetwork/src/ofxTCPManager.h; sourceTree = SOURCE_ROOT; };
		86DF22187F4730A1F4A6703A /* ofxHistoryPlot.h */ = {isa = PBXFileReference; explicitFileType = sourcecode.c.h; fileEncoding = 30; name = ofxHistoryPlot.h; path = ../../../Code/of_v0.9.3_osx_release/addons/ofxHistoryPlot/src/ofxHistoryPlot.h; sourceTree = SOURCE_ROOT; };
		88BEB4333CBC88CC2D0B973C /* ofxNetworkUtils.h */ = {isa = PBXFileReference; explicitFileType = sourcecode.c.h; fileEncoding = 30; name = ofxNetworkUtils.h; path = ../../../Code/of_v0.9.3_osx_release/addons/ofxNetwork/src/ofxNetworkUtils.h; sourceTree = SOURCE_ROOT; };
		8917B0482033B56AFBB1F983 /* Exception.h */ = {isa = PBXFileReference; explicitFileType = sourcecode.c.h; fileEncoding = 30; name = Exception.h; path = ../../../Code/of_v0.9.3_osx_release/addons/ofxSQLiteCpp/libs/SQLiteCpp/include/SQLiteCpp/Exception.h; sourceTree = SOURCE_ROOT; };
		893E42242E969FAC4F6E2159 /* ofxNetworkSyncServerFinder.h */ = {isa = PBXFileReference; explicitFileType = sourcecode.c.h; fileEncoding = 30; name = ofxNetworkSyncServerFinder.h; path = ../../../Code/of_v0.9.3_osx_release/addons/ofxNetworkSync/src/ofxNetworkSyncServerFinder.h; sourceTree = SOURCE_ROOT; };
		9420E516A7430AC135DEEE70 /* ofxHistoryPlot.cpp */ = {isa = PBXFileReference; explicitFileType = sourcecode.cpp.cpp; fileEncoding = 30; name = ofxHistoryPlot.cpp; path = ../../../Code/of_v0.9.3_osx_release/addons/ofxHistoryPlot/src/ofxHistoryPlot.cpp; sourceTree = SOURCE_ROOT; };
		95588FFFE05888407D91522C /* Transaction.h */ = {isa = PBXFileReference; explicitFileType = sourcecode.c.h; fileEncoding = 30; name = Transaction.h; path = ../../../Code/of_v0.9.3_osx_release/addons/ofxSQLiteCpp/libs/SQLiteCpp/include/SQLiteCpp/Transaction.h; sourceTree = SOURCE_ROOT; };
		9A02672C684981241E7B5CEB /* IpEndpointName.h */ = {isa = PBXFileReference; explicitFileType = sourcecode.c.h; fileEncoding = 30; name = IpEndpointName.h; path = ../../../Code/of_v0.9.3_osx_release/addons/ofxOsc/libs/oscpack/src/ip/IpEndpointName.h; sourceTree = SOURCE_ROOT; };
		9AB4BF7F9261EBBEE9536CFD /* Database.cpp */ = {isa = PBXFileReference; explicitFileType = sourcecode.cpp.cpp; fileEncoding = 30; name = Database.cpp; path = ../../../Code/of_v0.9.3_osx_release/addons/ofxSQLiteCpp/libs/SQLiteCpp/src/Database.cpp; sourceTree = SOURCE_ROOT; };
		9CE36A99735F8C7BFB181ECB /* ofxTCPServer.cpp */ = {isa = PBXFileReference; explicitFileType = sourcecode.cpp.cpp; fileEncoding = 30; name = ofxTCPServer.cpp; path = ../../../Code/of_v0.9.3_osx_release/addons/ofxNetwork/src/ofxTCPServer.cpp; sourceTree = SOURCE_ROOT; };
		9F858E64A4E56722AF3BA749 /* sqlite3.c */ = {isa = PBXFileReference; explicitFileType = sourcecode.c.c; fileEncoding = 30; name = sqlite3.c; path = ../../../Code/of_v0.9.3_osx_release/addons/ofxSQLiteCpp/libs/SQLiteCpp/sqlite3/sqlite3.c; sourceTree = SOURCE_ROOT; };
		A00BCF5BCF3270FB9CAF883B /* ofxVideoRecorder.cpp */ = {isa = PBXFileReference; explicitFileType = sourcecode.cpp.cpp; fileEncoding = 30; name = ofxVideoRecorder.cpp; path = ../../../Code/of_v0.9.3_osx_release/addons/ofxVideoRecorder/src/ofxVideoRecorder.cpp; sourceTree = SOURCE_ROOT; };
		A4DAA7B6077EC05B82DE9D9E /* Backup.h */ = {isa = PBXFileReference; explicitFileType = sourcecode.c.h; fileEncoding = 30; name = Backup.h; path = ../../../Code/of_v0.9.3_osx_release/addons/ofxSQLiteCpp/libs/SQLiteCpp/include/SQLiteCpp/Backup.h; sourceTree = SOURCE_ROOT; };
		A4E9BFAF86B238951EF8D930 /* ofxNetworkSyncClientState.h */ = {isa = PBXFileReference; explicitFileType = sourcecode.c.h; fileEncoding = 30; name = ofxNetworkSyncClientState.h; path = ../../../Code/of_v0.9.3_osx_release/addons/ofxNetworkSync/src/ofxNetworkSyncClientState.h; sourceTree = SOURCE_ROOT; };
		A7D17733FD1A930991E2CA29 /* ofxOscParameterSync.cpp */ = {isa = PBXFileReference; explicitFileType = sourcecode.cpp.cpp; fileEncoding = 30; name = ofxOscParameterSync.cpp; path = ../../../Code/of_v0.9.3_osx_release/addons/ofxOsc/src/ofxOscParameterSync.cpp; sourceTree = SOURCE_ROOT; };
		AA97DC23A572F47E4BC45BC8 /* NetworkingUtils.cpp */ = {isa = PBXFileReference; explicitFileType = sourcecode.cpp.cpp; fileEncoding = 30; name = NetworkingUtils.cpp; path = ../../../Code/of_v0.9.3_osx_release/addons/ofxOsc/libs/oscpack/src/ip/posix/NetworkingUtils.cpp; sourceTree = SOURCE_ROOT; };
		ABE7C1561CA8E9EF51D442CF /* MessageMappingOscPacketListener.h */ = {isa = PBXFileReference; explicitFileType = sourcecode.c.h; fileEncoding = 30; name = MessageMappingOscPacketListener.h; path = ../../../Code/of_v0.9.3_osx_release/addons/ofxOsc/libs/oscpack/src/osc/MessageMappingOscPacketListener.h; sourceTree = SOURCE_ROOT; };
		B07342BEEAD9DA7DD0DB9015 /* Statement.h */ = {isa = PBXFileReference; explicitFileType = sourcecode.c.h; fileEncoding = 30; name = Statement.h; path = ../../../Code/of_v0.9.3_osx_release/addons/ofxSQLiteCpp/libs/SQLiteCpp/include/SQLiteCpp/Statement.h; sourceTree = SOURCE_ROOT; };
		B305E62E93F11667BA6FCC27 /* Assertion.h */ = {isa = PBXFileReference; explicitFileType = sourcecode.c.h; fileEncoding = 30; name = Assertion.h; path = ../../../Code/of_v0.9.3_osx_release/addons/ofxSQLiteCpp/libs/SQLiteCpp/include/SQLiteCpp/Assertion.h; sourceTree = SOURCE_ROOT; };
		C0578F106131841E43A178EA /* Column.cpp */ = {isa = PBXFileReference; explicitFileType = sourcecode.cpp.cpp; fileEncoding = 30; name = Column.cpp; path = ../../../Code/of_v0.9.3_osx_release/addons/ofxSQLiteCpp/libs/SQLiteCpp/src/Column.cpp; sourceTree = SOURCE_ROOT; };
		C705CDFC83F2E64665EB9F39 /* NetworkingUtils.h */ = {isa = PBXFileReference; explicitFileType = sourcecode.c.h; fileEncoding = 30; name = NetworkingUtils.h; path = ../../../Code/of_v0.9.3_osx_release/addons/ofxOsc/libs/oscpack/src/ip/NetworkingUtils.h; sourceTree = SOURCE_ROOT; };
		C84EFE91601DF0F045E4FCCF /* Transaction.cpp */ = {isa = PBXFileReference; explicitFileType = sourcecode.cpp.cpp; fileEncoding = 30; name = Transaction.cpp; path = ../../../Code/of_v0.9.3_osx_release/addons/ofxSQLiteCpp/libs/SQLiteCpp/src/Transaction.cpp; sourceTree = SOURCE_ROOT; };
		CDD05C855712E825239B3ED5 /* Database.h */ = {isa = PBXFileReference; explicitFileType = sourcecode.c.h; fileEncoding = 30; name = Database.h; path = ../../../Code/of_v0.9.3_osx_release/addons/ofxSQLiteCpp/libs/SQLiteCpp/include/SQLiteCpp/Database.h; sourceTree = SOURCE_ROOT; };
		D04C80A74ABA48CACAF364AD /* ofxNetworkSyncClient.h */ = {isa = PBXFileReference; explicitFileType = sourcecode.c.h; fileEncoding = 30; name = ofxNetworkSyncClient.h; path = ../../../Code/of_v0.9.3_osx_release/addons/ofxNetworkSync/src/ofxNetworkSyncClient.h; sourceTree = SOURCE_ROOT; };
		D941938C18AB7CE1734C9491 /* SQLiteCppUtils.cpp */ = {isa = PBXFileReference; explicitFileType = sourcecode.cpp.cpp; fileEncoding = 30; name = SQLiteCppUtils.cpp; path = ../../../Code/of_v0.9.3_osx_release/addons/ofxSQLiteCpp/src/SQLiteCppUtils.cpp; sourceTree = SOURCE_ROOT; };
		DAF081F18EE72592C7C18162 /* IpEndpointName.cpp */ = {isa = PBXFileReference; explicitFileType = sourcecode.cpp.cpp; fileEncoding = 30; name = IpEndpointName.cpp; path = ../../../Code/of_v0.9.3_osx_release/addons/ofxOsc/libs/oscpack/src/ip/IpEndpointName.cpp; sourceTree = SOURCE_ROOT; };
		DBC9B6A4B4E3245AC9CA0260 /* ofxJSON.h */ = {isa = PBXFileReference; explicitFileType = sourcecode.c.h; fileEncoding = 30; name = ofxJSON.h; path = ../../../Code/of_v0.9.3_osx_release/addons/ofxJSON/src/ofxJSON.h; sourceTree = SOURCE_ROOT; };
		DE5EE1A005463431D3518B85 /* ofxNetworkSyncClient.cpp */ = {isa = PBXFileReference; explicitFileType = sourcecode.cpp.cpp; fileEncoding = 30; name = ofxNetworkSyncClient.cpp; path = ../../../Code/of_v0.9.3_osx_release/addons/ofxNetworkSync/src/ofxNetworkSyncClient.cpp; sourceTree = SOURCE_ROOT; };
		DEBA4C7478D269D649879B42 /* ofxOscReceiver.h */ = {isa = PBXFileReference; explicitFileType = sourcecode.c.h; fileEncoding = 30; name = ofxOscReceiver.h; path = ../../../Code/of_v0.9.3_osx_release/addons/ofxOsc/src/ofxOscReceiver.h; sourceTree = SOURCE_ROOT; };
		E4328143138ABC890047C5CB /* openFrameworksLib.xcodeproj */ = {isa = PBXFileReference; lastKnownFileType = "wrapper.pb-project"; name = openFrameworksLib.xcodeproj; path = ../../../Code/of_v0.9.3_osx_release/libs/openFrameworksCompiled/project/osx/openFrameworksLib.xcodeproj; sourceTree = SOURCE_ROOT; };
		E4B69B5B0A3A1756003C02F2 /* mySketchDebug.app */ = {isa = PBXFileReference; explicitFileType = wrapper.application; includeInIndex = 0; path = mySketchDebug.app; sourceTree = BUILT_PRODUCTS_DIR; };
		E4B69E1D0A3A1BDC003C02F2 /* main.cpp */ = {isa = PBXFileReference; fileEncoding = 30; lastKnownFileType = sourcecode.cpp.cpp; name = main.cpp; path = src/main.cpp; sourceTree = SOURCE_ROOT; };
		E4B69E1E0A3A1BDC003C02F2 /* ofApp.cpp */ = {isa = PBXFileReference; explicitFileType = sourcecode.cpp.cpp; fileEncoding = 30; name = ofApp.cpp; path = src/ofApp.cpp; sourceTree = SOURCE_ROOT; };
		E4B69E1F0A3A1BDC003C02F2 /* ofApp.h */ = {isa = PBXFileReference; fileEncoding = 30; lastKnownFileType = sourcecode.c.h; name = ofApp.h; path = src/ofApp.h; sourceTree = SOURCE_ROOT; };
		E4B6FCAD0C3E899E008CF71C /* openFrameworks-Info.plist */ = {isa = PBXFileReference; fileEncoding = 30; lastKnownFileType = text.plist.xml; path = "openFrameworks-Info.plist"; sourceTree = "<group>"; };
		E4EB691F138AFCF100A09F29 /* CoreOF.xcconfig */ = {isa = PBXFileReference; fileEncoding = 4; lastKnownFileType = text.xcconfig; name = CoreOF.xcconfig; path = ../../../Code/of_v0.9.3_osx_release/libs/openFrameworksCompiled/project/osx/CoreOF.xcconfig; sourceTree = SOURCE_ROOT; };
		E4EB6923138AFD0F00A09F29 /* Project.xcconfig */ = {isa = PBXFileReference; fileEncoding = 4; lastKnownFileType = text.xcconfig; path = Project.xcconfig; sourceTree = "<group>"; };
		E4FFD63CAADA05752F672D8A /* Column.h */ = {isa = PBXFileReference; explicitFileType = sourcecode.c.h; fileEncoding = 30; name = Column.h; path = ../../../Code/of_v0.9.3_osx_release/addons/ofxSQLiteCpp/libs/SQLiteCpp/include/SQLiteCpp/Column.h; sourceTree = SOURCE_ROOT; };
		E80D751C92357E4AE9306521 /* PacketListener.h */ = {isa = PBXFileReference; explicitFileType = sourcecode.c.h; fileEncoding = 30; name = PacketListener.h; path = ../../../Code/of_v0.9.3_osx_release/addons/ofxOsc/libs/oscpack/src/ip/PacketListener.h; sourceTree = SOURCE_ROOT; };
		E8D5512CE3455F0207DCF8B1 /* SQLiteCpp.h */ = {isa = PBXFileReference; explicitFileType = sourcecode.c.h; fileEncoding = 30; name = SQLiteCpp.h; path = ../../../Code/of_v0.9.3_osx_release/addons/ofxSQLiteCpp/libs/SQLiteCpp/include/SQLiteCpp/SQLiteCpp.h; sourceTree = SOURCE_ROOT; };
		EA3411E109477DB967F56224 /* ofxOsc.h */ = {isa = PBXFileReference; explicitFileType = sourcecode.c.h; fileEncoding = 30; name = ofxOsc.h; path = ../../../Code/of_v0.9.3_osx_release/addons/ofxOsc/src/ofxOsc.h; sourceTree = SOURCE_ROOT; };
		F011FE57193B1ADB67493171 /* EEGPlot.h */ = {isa = PBXFileReference; explicitFileType = sourcecode.c.h; fileEncoding = 30; name = EEGPlot.h; path = src/EEGPlot.h; sourceTree = SOURCE_ROOT; };
		F13767DBB0C16065B3F734E4 /* ofxOscMessage.cpp */ = {isa = PBXFileReference; explicitFileType = sourcecode.cpp.cpp; fileEncoding = 30; name = ofxOscMessage.cpp; path = ../../../Code/of_v0.9.3_osx_release/addons/ofxOsc/src/ofxOscMessage.cpp; sourceTree = SOURCE_ROOT; };
		F6B6D7A00773BC81F48FD93C /* UdpSocket.h */ = {isa = PBXFileReference; explicitFileType = sourcecode.c.h; fileEncoding = 30; name = UdpSocket.h; path = ../../../Code/of_v0.9.3_osx_release/addons/ofxOsc/libs/oscpack/src/ip/UdpSocket.h; sourceTree = SOURCE_ROOT; };
		F9BAD60032CF8F52CCA1A464 /* ofxOscSender.h */ = {isa = PBXFileReference; explicitFileType = sourcecode.c.h; fileEncoding = 30; name = ofxOscSender.h; path = ../../../Code/of_v0.9.3_osx_release/addons/ofxOsc/src/ofxOscSender.h; sourceTree = SOURCE_ROOT; };
		FE2115E14953F5A6D31AA3EB /* ofxTCPClient.cpp */ = {isa = PBXFileReference; explicitFileType = sourcecode.cpp.cpp; fileEncoding = 30; name = ofxTCPClient.cpp; path = ../../../Code/of_v0.9.3_osx_release/addons/ofxNetwork/src/ofxTCPClient.cpp; sourceTree = SOURCE_ROOT; };
		FEF994D9489010D1243F0A52 /* ofxOscSender.cpp */ = {isa = PBXFileReference; explicitFileType = sourcecode.cpp.cpp; fileEncoding = 30; name = ofxOscSender.cpp; path = ../../../Code/of_v0.9.3_osx_release/addons/ofxOsc/src/ofxOscSender.cpp; sourceTree = SOURCE_ROOT; };
/* End PBXFileReference section */

/* Begin PBXFrameworksBuildPhase section */
		E4B69B590A3A1756003C02F2 /* Frameworks */ = {
			isa = PBXFrameworksBuildPhase;
			buildActionMask = 2147483647;
			files = (
				E4328149138ABC9F0047C5CB /* openFrameworksDebug.a in Frameworks */,
			);
			runOnlyForDeploymentPostprocessing = 0;
		};
/* End PBXFrameworksBuildPhase section */

/* Begin PBXGroup section */
		01D5C26D063F4986A520A40A /* include */ = {
			isa = PBXGroup;
			children = (
				6E0EBD58A30A31DFC23B2F8A /* SQLiteCpp */,
			);
			name = include;
			sourceTree = "<group>";
		};
		1019F3C8AD8BD5AFFAF59802 /* libs */ = {
			isa = PBXGroup;
			children = (
				4AB66C60B455603C80ED6B73 /* SQLiteCpp */,
			);
			name = libs;
			sourceTree = "<group>";
		};
		10B4B63F8F3405175B30A62B /* src */ = {
			isa = PBXGroup;
			children = (
				D941938C18AB7CE1734C9491 /* SQLiteCppUtils.cpp */,
				7F09F57F1AEEA20C78605FF0 /* SQLiteCppUtils.h */,
			);
			name = src;
			sourceTree = "<group>";
		};
		18240ECCE4076FB0833A8578 /* ofxNetwork */ = {
			isa = PBXGroup;
			children = (
				219374A14594D121F27FED3A /* src */,
			);
			name = ofxNetwork;
			sourceTree = "<group>";
		};
		1E6801F702E7BA3AF5A0D208 /* src */ = {
			isa = PBXGroup;
			children = (
				7E0209FFAA7C504644FB2C02 /* Backup.cpp */,
				C0578F106131841E43A178EA /* Column.cpp */,
				9AB4BF7F9261EBBEE9536CFD /* Database.cpp */,
				2EC15D41E47280A1DD29389C /* Statement.cpp */,
				C84EFE91601DF0F045E4FCCF /* Transaction.cpp */,
			);
			name = src;
			sourceTree = "<group>";
		};
		219374A14594D121F27FED3A /* src */ = {
			isa = PBXGroup;
			children = (
				6BF52309B004DB18EC241B24 /* ofxNetwork.h */,
				88BEB4333CBC88CC2D0B973C /* ofxNetworkUtils.h */,
				FE2115E14953F5A6D31AA3EB /* ofxTCPClient.cpp */,
				15348A88FA46BA2FC4DDA514 /* ofxTCPClient.h */,
				3FC852F3C7934F8B9A6C9B19 /* ofxTCPManager.cpp */,
				863B82559C5BCB39B02D878F /* ofxTCPManager.h */,
				9CE36A99735F8C7BFB181ECB /* ofxTCPServer.cpp */,
				8024A90309C165532C2BE09C /* ofxTCPServer.h */,
				64A6C22BFF31132CF6E75254 /* ofxUDPManager.cpp */,
				093567C244C7F0356D5C33DC /* ofxUDPManager.h */,
			);
			name = src;
			sourceTree = "<group>";
		};
		2865DAEF86B1907A704CA70B /* ofxJSON */ = {
			isa = PBXGroup;
			children = (
				292AF6148769654D0DF26018 /* src */,
				F40E80CB2D443CBA9581DD03 /* libs */,
			);
			name = ofxJSON;
			sourceTree = "<group>";
		};
		292AF6148769654D0DF26018 /* src */ = {
			isa = PBXGroup;
			children = (
				DBC9B6A4B4E3245AC9CA0260 /* ofxJSON.h */,
				30A543D723A15BC73425B2A6 /* ofxJSONElement.cpp */,
				493936ED34CEE2144AC877EE /* ofxJSONElement.h */,
			);
			name = src;
			sourceTree = "<group>";
		};
		30CB364908817057B430D528 /* osc */ = {
			isa = PBXGroup;
			children = (
				ABE7C1561CA8E9EF51D442CF /* MessageMappingOscPacketListener.h */,
				6510E0E939990902E98267C3 /* OscException.h */,
				0BD1F10221BEEA8C6D6355CC /* OscHostEndianness.h */,
				244A884A93F941270488F82A /* OscOutboundPacketStream.cpp */,
				3D5833FC112914682400E7D4 /* OscOutboundPacketStream.h */,
				4FEF81DCA414362E16B00324 /* OscPacketListener.h */,
				8604A2B347D6D94E9330A459 /* OscPrintReceivedElements.cpp */,
				53A87660D6020CE8D6519D16 /* OscPrintReceivedElements.h */,
				1474088FECD26A4FCFADA226 /* OscReceivedElements.cpp */,
				07AB87917DBD3CFE20613619 /* OscReceivedElements.h */,
				3C65B07902CC74C9909B5F47 /* OscTypes.cpp */,
				51AA591C66CA87A37FECD36E /* OscTypes.h */,
			);
			name = osc;
			sourceTree = "<group>";
		};
		33DF582E00E0AC9B1FD972E5 /* sqlite3 */ = {
			isa = PBXGroup;
			children = (
				9F858E64A4E56722AF3BA749 /* sqlite3.c */,
				12A61862A4AB9AEA277FDF65 /* sqlite3.h */,
			);
			name = sqlite3;
			sourceTree = "<group>";
		};
		38871A5825686AE018EC2BF0 /* libs */ = {
			isa = PBXGroup;
			children = (
				86D2677079A3AF4A5A88E29A /* oscpack */,
			);
			name = libs;
			sourceTree = "<group>";
		};
		3BE9C22C7EBA414788E4F83C /* src */ = {
			isa = PBXGroup;
			children = (
				9420E516A7430AC135DEEE70 /* ofxHistoryPlot.cpp */,
				86DF22187F4730A1F4A6703A /* ofxHistoryPlot.h */,
			);
			name = src;
			sourceTree = "<group>";
		};
		4AB66C60B455603C80ED6B73 /* SQLiteCpp */ = {
			isa = PBXGroup;
			children = (
				01D5C26D063F4986A520A40A /* include */,
				33DF582E00E0AC9B1FD972E5 /* sqlite3 */,
				1E6801F702E7BA3AF5A0D208 /* src */,
			);
			name = SQLiteCpp;
			sourceTree = "<group>";
		};
		58AD3BD71B781D9BC25763C8 /* json */ = {
			isa = PBXGroup;
			children = (
				41BA968219DD07E6E86C8C0D /* json-forwards.h */,
				3C1E976E6FE2BE2FFDCE7F00 /* json.h */,
			);
			name = json;
			sourceTree = "<group>";
		};
		641362CA659FAFEE4E81001B /* posix */ = {
			isa = PBXGroup;
			children = (
				AA97DC23A572F47E4BC45BC8 /* NetworkingUtils.cpp */,
				455E4754FFE2E31AE49AB3FE /* UdpSocket.cpp */,
			);
			name = posix;
			sourceTree = "<group>";
		};
		6948EE371B920CB800B5AC1A /* local_addons */ = {
			isa = PBXGroup;
			children = (
			);
			name = local_addons;
			sourceTree = "<group>";
		};
		6E0EBD58A30A31DFC23B2F8A /* SQLiteCpp */ = {
			isa = PBXGroup;
			children = (
				B305E62E93F11667BA6FCC27 /* Assertion.h */,
				A4DAA7B6077EC05B82DE9D9E /* Backup.h */,
				E4FFD63CAADA05752F672D8A /* Column.h */,
				CDD05C855712E825239B3ED5 /* Database.h */,
				8917B0482033B56AFBB1F983 /* Exception.h */,
				E8D5512CE3455F0207DCF8B1 /* SQLiteCpp.h */,
				B07342BEEAD9DA7DD0DB9015 /* Statement.h */,
				95588FFFE05888407D91522C /* Transaction.h */,
			);
			name = SQLiteCpp;
			sourceTree = "<group>";
		};
		7652B9B7014C8450639DA55C /* ofxVideoRecorder */ = {
			isa = PBXGroup;
			children = (
				89A809C09132402F1523C1C7 /* src */,
			);
			name = ofxVideoRecorder;
			sourceTree = "<group>";
		};
		86D2677079A3AF4A5A88E29A /* oscpack */ = {
			isa = PBXGroup;
			children = (
				D27B2221A225CA523C019676 /* src */,
			);
			name = oscpack;
			sourceTree = "<group>";
		};
		89A809C09132402F1523C1C7 /* src */ = {
			isa = PBXGroup;
			children = (
				A00BCF5BCF3270FB9CAF883B /* ofxVideoRecorder.cpp */,
				3C21F70B0914DFA1D265D296 /* ofxVideoRecorder.h */,
			);
			name = src;
			sourceTree = "<group>";
		};
		977A836DD2C489CCC5E330FF /* jsoncpp */ = {
			isa = PBXGroup;
			children = (
				D486FC87F063317BB47E9FAC /* include */,
				CCDC6F9CCF925CC402160B85 /* src */,
			);
			name = jsoncpp;
			sourceTree = "<group>";
		};
		BB4B014C10F69532006C3DED /* addons */ = {
			isa = PBXGroup;
			children = (
				C65E01A63772FC3E5D61CE7F /* ofxHistoryPlot */,
				2865DAEF86B1907A704CA70B /* ofxJSON */,
				18240ECCE4076FB0833A8578 /* ofxNetwork */,
				DF19DA6AFB065663E82F05F4 /* ofxNetworkSync */,
				E6053AB7FEC63D5F83825B88 /* ofxOsc */,
				CE7609CF81F132F43DFD17F2 /* ofxSQLiteCpp */,
				7652B9B7014C8450639DA55C /* ofxVideoRecorder */,
			);
			name = addons;
			sourceTree = "<group>";
		};
		BD2F1A9F8D0C05EDB29122D0 /* src */ = {
			isa = PBXGroup;
			children = (
				EA3411E109477DB967F56224 /* ofxOsc.h */,
				43B0BC27EF6F2752EE126E56 /* ofxOscArg.h */,
				51259A128C2FABE7EFC7A5B9 /* ofxOscBundle.cpp */,
				65E9926688639FF94B1AE810 /* ofxOscBundle.h */,
				F13767DBB0C16065B3F734E4 /* ofxOscMessage.cpp */,
				27BA92DD0033BD38FB3F5E6A /* ofxOscMessage.h */,
				A7D17733FD1A930991E2CA29 /* ofxOscParameterSync.cpp */,
				5399AC15F6145E71D6C1BC71 /* ofxOscParameterSync.h */,
				4AD77DBDFA3C3F5F138BA583 /* ofxOscReceiver.cpp */,
				DEBA4C7478D269D649879B42 /* ofxOscReceiver.h */,
				FEF994D9489010D1243F0A52 /* ofxOscSender.cpp */,
				F9BAD60032CF8F52CCA1A464 /* ofxOscSender.h */,
			);
			name = src;
			sourceTree = "<group>";
		};
		C65E01A63772FC3E5D61CE7F /* ofxHistoryPlot */ = {
			isa = PBXGroup;
			children = (
				3BE9C22C7EBA414788E4F83C /* src */,
			);
			name = ofxHistoryPlot;
			sourceTree = "<group>";
		};
		CCDC6F9CCF925CC402160B85 /* src */ = {
			isa = PBXGroup;
			children = (
				27C547A54A5C24ACCE3AA30B /* jsoncpp.cpp */,
			);
			name = src;
			sourceTree = "<group>";
		};
		CE7609CF81F132F43DFD17F2 /* ofxSQLiteCpp */ = {
			isa = PBXGroup;
			children = (
				10B4B63F8F3405175B30A62B /* src */,
				1019F3C8AD8BD5AFFAF59802 /* libs */,
			);
			name = ofxSQLiteCpp;
			sourceTree = "<group>";
		};
		D27B2221A225CA523C019676 /* src */ = {
			isa = PBXGroup;
			children = (
				FF8CDF57858E9B94E3237115 /* ip */,
				30CB364908817057B430D528 /* osc */,
			);
			name = src;
			sourceTree = "<group>";
		};
		D486FC87F063317BB47E9FAC /* include */ = {
			isa = PBXGroup;
			children = (
				58AD3BD71B781D9BC25763C8 /* json */,
			);
			name = include;
			sourceTree = "<group>";
		};
		DF19DA6AFB065663E82F05F4 /* ofxNetworkSync */ = {
			isa = PBXGroup;
			children = (
				E5FD2A97269026CD58CFA5FD /* src */,
			);
			name = ofxNetworkSync;
			sourceTree = "<group>";
		};
		E4328144138ABC890047C5CB /* Products */ = {
			isa = PBXGroup;
			children = (
				E4328148138ABC890047C5CB /* openFrameworksDebug.a */,
			);
			name = Products;
			sourceTree = "<group>";
		};
		E4B69B4A0A3A1720003C02F2 = {
			isa = PBXGroup;
			children = (
				E4B6FCAD0C3E899E008CF71C /* openFrameworks-Info.plist */,
				E4EB6923138AFD0F00A09F29 /* Project.xcconfig */,
				E4B69E1C0A3A1BDC003C02F2 /* src */,
				E4EEC9E9138DF44700A80321 /* openFrameworks */,
				BB4B014C10F69532006C3DED /* addons */,
				6948EE371B920CB800B5AC1A /* local_addons */,
				E4B69B5B0A3A1756003C02F2 /* mySketchDebug.app */,
			);
			sourceTree = "<group>";
		};
		E4B69E1C0A3A1BDC003C02F2 /* src */ = {
			isa = PBXGroup;
			children = (
				E4B69E1D0A3A1BDC003C02F2 /* main.cpp */,
				E4B69E1E0A3A1BDC003C02F2 /* ofApp.cpp */,
				E4B69E1F0A3A1BDC003C02F2 /* ofApp.h */,
				09936322DF32493FFB9679DC /* EEGMarker.cpp */,
				4D1AC3E2AC98A8C584372450 /* EEGMarker.h */,
				61A3667C0587E04DFCF991EF /* EEGPlot.cpp */,
				F011FE57193B1ADB67493171 /* EEGPlot.h */,
				7DA5CA454A4972B9926D2E4F /* EEGSound.cpp */,
				11C86DA288F844097ED8C320 /* EEGSound.h */,
			);
			path = src;
			sourceTree = SOURCE_ROOT;
		};
		E4EEC9E9138DF44700A80321 /* openFrameworks */ = {
			isa = PBXGroup;
			children = (
				E4EB691F138AFCF100A09F29 /* CoreOF.xcconfig */,
				E4328143138ABC890047C5CB /* openFrameworksLib.xcodeproj */,
			);
			name = openFrameworks;
			sourceTree = "<group>";
		};
		E5FD2A97269026CD58CFA5FD /* src */ = {
			isa = PBXGroup;
			children = (
				5A3F55D50CC494BD9DCA6CE1 /* ofxNetworkSync.h */,
				DE5EE1A005463431D3518B85 /* ofxNetworkSyncClient.cpp */,
				D04C80A74ABA48CACAF364AD /* ofxNetworkSyncClient.h */,
				4B969BBE2592AA508FD37549 /* ofxNetworkSyncClientState.cpp */,
				A4E9BFAF86B238951EF8D930 /* ofxNetworkSyncClientState.h */,
				20E24F6DB8BE00397A265188 /* ofxNetworkSyncConstants.h */,
				605D8B929081D8D529FF8F16 /* ofxNetworkSyncServer.cpp */,
				503BFC63EF5AC3FAA1280F57 /* ofxNetworkSyncServer.h */,
				893E42242E969FAC4F6E2159 /* ofxNetworkSyncServerFinder.h */,
				79632B147E580D8198173055 /* ofxNetworkSyncUdp.cpp */,
				23263F4EF369CD1F31879E29 /* ofxNetworkSyncUdp.h */,
			);
			name = src;
			sourceTree = "<group>";
		};
		E6053AB7FEC63D5F83825B88 /* ofxOsc */ = {
			isa = PBXGroup;
			children = (
				BD2F1A9F8D0C05EDB29122D0 /* src */,
				38871A5825686AE018EC2BF0 /* libs */,
			);
			name = ofxOsc;
			sourceTree = "<group>";
		};
		F40E80CB2D443CBA9581DD03 /* libs */ = {
			isa = PBXGroup;
			children = (
				977A836DD2C489CCC5E330FF /* jsoncpp */,
			);
			name = libs;
			sourceTree = "<group>";
		};
		FF8CDF57858E9B94E3237115 /* ip */ = {
			isa = PBXGroup;
			children = (
				DAF081F18EE72592C7C18162 /* IpEndpointName.cpp */,
				9A02672C684981241E7B5CEB /* IpEndpointName.h */,
				C705CDFC83F2E64665EB9F39 /* NetworkingUtils.h */,
				E80D751C92357E4AE9306521 /* PacketListener.h */,
				641362CA659FAFEE4E81001B /* posix */,
				41CD0AC784261E5E78753142 /* TimerListener.h */,
				F6B6D7A00773BC81F48FD93C /* UdpSocket.h */,
			);
			name = ip;
			sourceTree = "<group>";
		};
/* End PBXGroup section */

/* Begin PBXNativeTarget section */
		E4B69B5A0A3A1756003C02F2 /* mySketch */ = {
			isa = PBXNativeTarget;
			buildConfigurationList = E4B69B5F0A3A1757003C02F2 /* Build configuration list for PBXNativeTarget "mySketch" */;
			buildPhases = (
				E4B69B580A3A1756003C02F2 /* Sources */,
				E4B69B590A3A1756003C02F2 /* Frameworks */,
				E4B6FFFD0C3F9AB9008CF71C /* ShellScript */,
				E4C2427710CC5ABF004149E2 /* CopyFiles */,
			);
			buildRules = (
			);
			dependencies = (
				E4EEB9AC138B136A00A80321 /* PBXTargetDependency */,
			);
			name = mySketch;
			productName = myOFApp;
			productReference = E4B69B5B0A3A1756003C02F2 /* mySketchDebug.app */;
			productType = "com.apple.product-type.application";
		};
/* End PBXNativeTarget section */

/* Begin PBXProject section */
		E4B69B4C0A3A1720003C02F2 /* Project object */ = {
			isa = PBXProject;
			attributes = {
				LastUpgradeCheck = 0730;
			};
			buildConfigurationList = E4B69B4D0A3A1720003C02F2 /* Build configuration list for PBXProject "mySketch" */;
			compatibilityVersion = "Xcode 3.2";
			developmentRegion = English;
			hasScannedForEncodings = 0;
			knownRegions = (
				English,
				Japanese,
				French,
				German,
			);
			mainGroup = E4B69B4A0A3A1720003C02F2;
			productRefGroup = E4B69B4A0A3A1720003C02F2;
			projectDirPath = "";
			projectReferences = (
				{
					ProductGroup = E4328144138ABC890047C5CB /* Products */;
					ProjectRef = E4328143138ABC890047C5CB /* openFrameworksLib.xcodeproj */;
				},
			);
			projectRoot = "";
			targets = (
				E4B69B5A0A3A1756003C02F2 /* mySketch */,
			);
		};
/* End PBXProject section */

/* Begin PBXReferenceProxy section */
		E4328148138ABC890047C5CB /* openFrameworksDebug.a */ = {
			isa = PBXReferenceProxy;
			fileType = archive.ar;
			path = openFrameworksDebug.a;
			remoteRef = E4328147138ABC890047C5CB /* PBXContainerItemProxy */;
			sourceTree = BUILT_PRODUCTS_DIR;
		};
/* End PBXReferenceProxy section */

/* Begin PBXShellScriptBuildPhase section */
		E4B6FFFD0C3F9AB9008CF71C /* ShellScript */ = {
			isa = PBXShellScriptBuildPhase;
			buildActionMask = 2147483647;
			files = (
			);
			inputPaths = (
			);
			outputPaths = (
			);
			runOnlyForDeploymentPostprocessing = 0;
			shellPath = /bin/sh;
			shellScript = "mkdir -p \"$TARGET_BUILD_DIR/$PRODUCT_NAME.app/Contents/Resources/\"\n# Copy default icon file into App/Resources\nrsync -aved \"$ICON_FILE\" \"$TARGET_BUILD_DIR/$PRODUCT_NAME.app/Contents/Resources/\"\n# Copy libfmod and change install directory for fmod to run\nrsync -aved ../../../Code/of_v0.9.3_osx_release/libs/fmodex/lib/osx/libfmodex.dylib \"$TARGET_BUILD_DIR/$PRODUCT_NAME.app/Contents/Frameworks/\";\ninstall_name_tool -change @executable_path/libfmodex.dylib @executable_path/../Frameworks/libfmodex.dylib \"$TARGET_BUILD_DIR/$PRODUCT_NAME.app/Contents/MacOS/$PRODUCT_NAME\";\n# Copy GLUT framework (must remove for AppStore submissions)\nrsync -aved ../../../Code/of_v0.9.3_osx_release/libs/glut/lib/osx/GLUT.framework \"$TARGET_BUILD_DIR/$PRODUCT_NAME.app/Contents/Frameworks/\"\n";
		};
/* End PBXShellScriptBuildPhase section */

/* Begin PBXSourcesBuildPhase section */
		E4B69B580A3A1756003C02F2 /* Sources */ = {
			isa = PBXSourcesBuildPhase;
			buildActionMask = 2147483647;
			files = (
				E4B69E200A3A1BDC003C02F2 /* main.cpp in Sources */,
				E4B69E210A3A1BDC003C02F2 /* ofApp.cpp in Sources */,
				22EDC12460E04869B2D0E1EF /* EEGMarker.cpp in Sources */,
				8338FC4DF2349D07EEECB164 /* EEGPlot.cpp in Sources */,
				FAC0B5AAC067761BB1359EFC /* EEGSound.cpp in Sources */,
				1FE5B9320F517F3021D6BEB7 /* ofxHistoryPlot.cpp in Sources */,
				066A866C7349593E6422184F /* ofxJSONElement.cpp in Sources */,
				9AB348EA7CE0FCF870142A3B /* jsoncpp.cpp in Sources */,
				118BEC45F7B923B945BFF7B2 /* ofxTCPClient.cpp in Sources */,
				C4BB881371C7DE1B6F7F8C1F /* ofxTCPManager.cpp in Sources */,
				79C4D3BAD91BC506D8CA703C /* ofxTCPServer.cpp in Sources */,
				33F4BBE2DAAA9375576C2889 /* ofxUDPManager.cpp in Sources */,
				5E12A514DC63AC7A4EB6D6D7 /* ofxNetworkSyncClient.cpp in Sources */,
				E277EB6FCE63D6583F74051D /* ofxNetworkSyncClientState.cpp in Sources */,
				C308D89AEBC21A33D288ADE9 /* ofxNetworkSyncServer.cpp in Sources */,
				C4F8CF489CA5621ADF42296D /* ofxNetworkSyncUdp.cpp in Sources */,
				F497983C61C790425A390009 /* ofxOscBundle.cpp in Sources */,
				0E5D2CDD73064BF4E200008E /* ofxOscMessage.cpp in Sources */,
				07D98F6256F1822711870096 /* ofxOscParameterSync.cpp in Sources */,
				BD8A8B5B2495DA10A1CA7602 /* ofxOscReceiver.cpp in Sources */,
				F39645BDF0E336000C1F38E8 /* ofxOscSender.cpp in Sources */,
				E91FD5EC72E49EBB96FA891D /* IpEndpointName.cpp in Sources */,
				137FC51A79CF25B9F896B330 /* NetworkingUtils.cpp in Sources */,
				6B562A440C5ADEC1E2294113 /* UdpSocket.cpp in Sources */,
				B65E5F1352A100697D4709E5 /* OscOutboundPacketStream.cpp in Sources */,
				48AFC243C96B9B69375AC5F9 /* OscPrintReceivedElements.cpp in Sources */,
				DE1A5EAD16C1D41A79F84C62 /* OscReceivedElements.cpp in Sources */,
				C4EACF53C3F193A3F5C9F9A1 /* OscTypes.cpp in Sources */,
				DA6CDF7168E0F3D429D0E813 /* SQLiteCppUtils.cpp in Sources */,
				FD060B4833602363D6731C68 /* sqlite3.c in Sources */,
				2CEEF56663696A0AF582C3B8 /* Backup.cpp in Sources */,
				45E72E7090A5E8E2EE4952E8 /* Column.cpp in Sources */,
				AC481D349D653C8EAAD0CC50 /* Database.cpp in Sources */,
				174F11FA534B347592169E06 /* Statement.cpp in Sources */,
				7C8A7FBA253B65D181C3EC02 /* Transaction.cpp in Sources */,
				3E653BDF7B7FFB22364AB797 /* ofxVideoRecorder.cpp in Sources */,
			);
			runOnlyForDeploymentPostprocessing = 0;
		};
/* End PBXSourcesBuildPhase section */

/* Begin PBXTargetDependency section */
		E4EEB9AC138B136A00A80321 /* PBXTargetDependency */ = {
			isa = PBXTargetDependency;
			name = openFrameworks;
			targetProxy = E4EEB9AB138B136A00A80321 /* PBXContainerItemProxy */;
		};
/* End PBXTargetDependency section */

/* Begin XCBuildConfiguration section */
		E4B69B4E0A3A1720003C02F2 /* Debug */ = {
			isa = XCBuildConfiguration;
			baseConfigurationReference = E4EB6923138AFD0F00A09F29 /* Project.xcconfig */;
			buildSettings = {
				CONFIGURATION_BUILD_DIR = "$(SRCROOT)/bin/";
				COPY_PHASE_STRIP = NO;
				DEAD_CODE_STRIPPING = YES;
				ENABLE_TESTABILITY = YES;
				GCC_AUTO_VECTORIZATION = YES;
				GCC_ENABLE_SSE3_EXTENSIONS = YES;
				GCC_ENABLE_SUPPLEMENTAL_SSE3_INSTRUCTIONS = YES;
				GCC_INLINES_ARE_PRIVATE_EXTERN = NO;
				GCC_OPTIMIZATION_LEVEL = 0;
				GCC_SYMBOLS_PRIVATE_EXTERN = NO;
				GCC_WARN_ABOUT_DEPRECATED_FUNCTIONS = YES;
				GCC_WARN_ABOUT_INVALID_OFFSETOF_MACRO = NO;
				GCC_WARN_ALLOW_INCOMPLETE_PROTOCOL = NO;
				GCC_WARN_UNINITIALIZED_AUTOS = NO;
				GCC_WARN_UNUSED_VALUE = NO;
				GCC_WARN_UNUSED_VARIABLE = NO;
				HEADER_SEARCH_PATHS = (
					"$(OF_CORE_HEADERS)",
					src,
					../../../Code/of_v0.9.3_osx_release/addons/ofxHistoryPlot/src,
					../../../Code/of_v0.9.3_osx_release/addons/ofxJSON/libs,
					../../../Code/of_v0.9.3_osx_release/addons/ofxJSON/libs/jsoncpp,
					../../../Code/of_v0.9.3_osx_release/addons/ofxJSON/libs/jsoncpp/include,
					../../../Code/of_v0.9.3_osx_release/addons/ofxJSON/libs/jsoncpp/include/json,
					../../../Code/of_v0.9.3_osx_release/addons/ofxJSON/libs/jsoncpp/src,
					../../../Code/of_v0.9.3_osx_release/addons/ofxJSON/src,
					../../../Code/of_v0.9.3_osx_release/addons/ofxNetwork/src,
					../../../Code/of_v0.9.3_osx_release/addons/ofxNetworkSync/src,
					../../../Code/of_v0.9.3_osx_release/addons/ofxOsc/libs,
					../../../Code/of_v0.9.3_osx_release/addons/ofxOsc/libs/oscpack,
					../../../Code/of_v0.9.3_osx_release/addons/ofxOsc/libs/oscpack/src,
					../../../Code/of_v0.9.3_osx_release/addons/ofxOsc/libs/oscpack/src/ip,
					../../../Code/of_v0.9.3_osx_release/addons/ofxOsc/libs/oscpack/src/ip/posix,
					../../../Code/of_v0.9.3_osx_release/addons/ofxOsc/libs/oscpack/src/ip/win32,
					../../../Code/of_v0.9.3_osx_release/addons/ofxOsc/libs/oscpack/src/osc,
					../../../Code/of_v0.9.3_osx_release/addons/ofxOsc/src,
					../../../Code/of_v0.9.3_osx_release/addons/ofxSQLiteCpp/libs,
					../../../Code/of_v0.9.3_osx_release/addons/ofxSQLiteCpp/libs/SQLiteCpp,
					../../../Code/of_v0.9.3_osx_release/addons/ofxSQLiteCpp/libs/SQLiteCpp/include,
					../../../Code/of_v0.9.3_osx_release/addons/ofxSQLiteCpp/libs/SQLiteCpp/include/SQLiteCpp,
					../../../Code/of_v0.9.3_osx_release/addons/ofxSQLiteCpp/libs/SQLiteCpp/sqlite3,
					../../../Code/of_v0.9.3_osx_release/addons/ofxSQLiteCpp/libs/SQLiteCpp/src,
					../../../Code/of_v0.9.3_osx_release/addons/ofxSQLiteCpp/src,
					../../../Code/of_v0.9.3_osx_release/addons/ofxVideoRecorder/src,
				);
				MACOSX_DEPLOYMENT_TARGET = 10.8;
				ONLY_ACTIVE_ARCH = YES;
				OTHER_CPLUSPLUSFLAGS = (
					"-D__MACOSX_CORE__",
					"-mtune=native",
				);
				SDKROOT = macosx;
			};
			name = Debug;
		};
		E4B69B4F0A3A1720003C02F2 /* Release */ = {
			isa = XCBuildConfiguration;
			baseConfigurationReference = E4EB6923138AFD0F00A09F29 /* Project.xcconfig */;
			buildSettings = {
				CONFIGURATION_BUILD_DIR = "$(SRCROOT)/bin/";
				COPY_PHASE_STRIP = YES;
				DEAD_CODE_STRIPPING = YES;
				GCC_AUTO_VECTORIZATION = YES;
				GCC_ENABLE_SSE3_EXTENSIONS = YES;
				GCC_ENABLE_SUPPLEMENTAL_SSE3_INSTRUCTIONS = YES;
				GCC_INLINES_ARE_PRIVATE_EXTERN = NO;
				GCC_OPTIMIZATION_LEVEL = 3;
				GCC_SYMBOLS_PRIVATE_EXTERN = NO;
				GCC_UNROLL_LOOPS = YES;
				GCC_WARN_ABOUT_DEPRECATED_FUNCTIONS = YES;
				GCC_WARN_ABOUT_INVALID_OFFSETOF_MACRO = NO;
				GCC_WARN_ALLOW_INCOMPLETE_PROTOCOL = NO;
				GCC_WARN_UNINITIALIZED_AUTOS = NO;
				GCC_WARN_UNUSED_VALUE = NO;
				GCC_WARN_UNUSED_VARIABLE = NO;
				HEADER_SEARCH_PATHS = (
					"$(OF_CORE_HEADERS)",
					src,
					../../../Code/of_v0.9.3_osx_release/addons/ofxHistoryPlot/src,
					../../../Code/of_v0.9.3_osx_release/addons/ofxJSON/libs,
					../../../Code/of_v0.9.3_osx_release/addons/ofxJSON/libs/jsoncpp,
					../../../Code/of_v0.9.3_osx_release/addons/ofxJSON/libs/jsoncpp/include,
					../../../Code/of_v0.9.3_osx_release/addons/ofxJSON/libs/jsoncpp/include/json,
					../../../Code/of_v0.9.3_osx_release/addons/ofxJSON/libs/jsoncpp/src,
					../../../Code/of_v0.9.3_osx_release/addons/ofxJSON/src,
					../../../Code/of_v0.9.3_osx_release/addons/ofxNetwork/src,
					../../../Code/of_v0.9.3_osx_release/addons/ofxNetworkSync/src,
					../../../Code/of_v0.9.3_osx_release/addons/ofxOsc/libs,
					../../../Code/of_v0.9.3_osx_release/addons/ofxOsc/libs/oscpack,
					../../../Code/of_v0.9.3_osx_release/addons/ofxOsc/libs/oscpack/src,
					../../../Code/of_v0.9.3_osx_release/addons/ofxOsc/libs/oscpack/src/ip,
					../../../Code/of_v0.9.3_osx_release/addons/ofxOsc/libs/oscpack/src/ip/posix,
					../../../Code/of_v0.9.3_osx_release/addons/ofxOsc/libs/oscpack/src/ip/win32,
					../../../Code/of_v0.9.3_osx_release/addons/ofxOsc/libs/oscpack/src/osc,
					../../../Code/of_v0.9.3_osx_release/addons/ofxOsc/src,
					../../../Code/of_v0.9.3_osx_release/addons/ofxSQLiteCpp/libs,
					../../../Code/of_v0.9.3_osx_release/addons/ofxSQLiteCpp/libs/SQLiteCpp,
					../../../Code/of_v0.9.3_osx_release/addons/ofxSQLiteCpp/libs/SQLiteCpp/include,
					../../../Code/of_v0.9.3_osx_release/addons/ofxSQLiteCpp/libs/SQLiteCpp/include/SQLiteCpp,
					../../../Code/of_v0.9.3_osx_release/addons/ofxSQLiteCpp/libs/SQLiteCpp/sqlite3,
					../../../Code/of_v0.9.3_osx_release/addons/ofxSQLiteCpp/libs/SQLiteCpp/src,
					../../../Code/of_v0.9.3_osx_release/addons/ofxSQLiteCpp/src,
					../../../Code/of_v0.9.3_osx_release/addons/ofxVideoRecorder/src,
				);
				MACOSX_DEPLOYMENT_TARGET = 10.8;
				OTHER_CPLUSPLUSFLAGS = (
					"-D__MACOSX_CORE__",
					"-mtune=native",
				);
				SDKROOT = macosx;
			};
			name = Release;
		};
		E4B69B600A3A1757003C02F2 /* Debug */ = {
			isa = XCBuildConfiguration;
			baseConfigurationReference = E4EB6923138AFD0F00A09F29 /* Project.xcconfig */;
			buildSettings = {
				COMBINE_HIDPI_IMAGES = YES;
				COPY_PHASE_STRIP = NO;
				FRAMEWORK_SEARCH_PATHS = (
					"$(inherited)",
					"$(FRAMEWORK_SEARCH_PATHS_QUOTED_FOR_TARGET_1)",
				);
				FRAMEWORK_SEARCH_PATHS_QUOTED_FOR_TARGET_1 = "\"$(SRCROOT)/../../../Code/of_v0.9.3_osx_release/libs/glut/lib/osx\"";
				GCC_DYNAMIC_NO_PIC = NO;
				GCC_GENERATE_DEBUGGING_SYMBOLS = YES;
				GCC_MODEL_TUNING = NONE;
				HEADER_SEARCH_PATHS = (
					"$(OF_CORE_HEADERS)",
					src,
					../../../Code/of_v0.9.3_osx_release/addons/ofxHistoryPlot/src,
					../../../Code/of_v0.9.3_osx_release/addons/ofxJSON/libs,
					../../../Code/of_v0.9.3_osx_release/addons/ofxJSON/libs/jsoncpp,
					../../../Code/of_v0.9.3_osx_release/addons/ofxJSON/libs/jsoncpp/include,
					../../../Code/of_v0.9.3_osx_release/addons/ofxJSON/libs/jsoncpp/include/json,
					../../../Code/of_v0.9.3_osx_release/addons/ofxJSON/libs/jsoncpp/src,
					../../../Code/of_v0.9.3_osx_release/addons/ofxJSON/src,
					../../../Code/of_v0.9.3_osx_release/addons/ofxNetwork/src,
					../../../Code/of_v0.9.3_osx_release/addons/ofxNetworkSync/src,
					../../../Code/of_v0.9.3_osx_release/addons/ofxOsc/libs,
					../../../Code/of_v0.9.3_osx_release/addons/ofxOsc/libs/oscpack,
					../../../Code/of_v0.9.3_osx_release/addons/ofxOsc/libs/oscpack/src,
					../../../Code/of_v0.9.3_osx_release/addons/ofxOsc/libs/oscpack/src/ip,
					../../../Code/of_v0.9.3_osx_release/addons/ofxOsc/libs/oscpack/src/ip/posix,
					../../../Code/of_v0.9.3_osx_release/addons/ofxOsc/libs/oscpack/src/ip/win32,
					../../../Code/of_v0.9.3_osx_release/addons/ofxOsc/libs/oscpack/src/osc,
					../../../Code/of_v0.9.3_osx_release/addons/ofxOsc/src,
					../../../Code/of_v0.9.3_osx_release/addons/ofxSQLiteCpp/libs,
					../../../Code/of_v0.9.3_osx_release/addons/ofxSQLiteCpp/libs/SQLiteCpp,
					../../../Code/of_v0.9.3_osx_release/addons/ofxSQLiteCpp/libs/SQLiteCpp/include,
					../../../Code/of_v0.9.3_osx_release/addons/ofxSQLiteCpp/libs/SQLiteCpp/include/SQLiteCpp,
					../../../Code/of_v0.9.3_osx_release/addons/ofxSQLiteCpp/libs/SQLiteCpp/sqlite3,
					../../../Code/of_v0.9.3_osx_release/addons/ofxSQLiteCpp/libs/SQLiteCpp/src,
					../../../Code/of_v0.9.3_osx_release/addons/ofxSQLiteCpp/src,
					../../../Code/of_v0.9.3_osx_release/addons/ofxVideoRecorder/src,
				);
				ICON = "$(ICON_NAME_DEBUG)";
				ICON_FILE = "$(ICON_FILE_PATH)$(ICON)";
				INFOPLIST_FILE = "openFrameworks-Info.plist";
				INSTALL_PATH = /Applications;
				LIBRARY_SEARCH_PATHS = "$(inherited)";
				PRODUCT_BUNDLE_IDENTIFIER = cc.openFrameworks.ofapp;
				PRODUCT_NAME = "$(TARGET_NAME)Debug";
				WRAPPER_EXTENSION = app;
			};
			name = Debug;
		};
		E4B69B610A3A1757003C02F2 /* Release */ = {
			isa = XCBuildConfiguration;
			baseConfigurationReference = E4EB6923138AFD0F00A09F29 /* Project.xcconfig */;
			buildSettings = {
				COMBINE_HIDPI_IMAGES = YES;
				COPY_PHASE_STRIP = YES;
				FRAMEWORK_SEARCH_PATHS = (
					"$(inherited)",
					"$(FRAMEWORK_SEARCH_PATHS_QUOTED_FOR_TARGET_1)",
				);
				FRAMEWORK_SEARCH_PATHS_QUOTED_FOR_TARGET_1 = "\"$(SRCROOT)/../../../Code/of_v0.9.3_osx_release/libs/glut/lib/osx\"";
				GCC_GENERATE_DEBUGGING_SYMBOLS = YES;
				GCC_MODEL_TUNING = NONE;
				HEADER_SEARCH_PATHS = (
					"$(OF_CORE_HEADERS)",
					src,
					../../../Code/of_v0.9.3_osx_release/addons/ofxHistoryPlot/src,
					../../../Code/of_v0.9.3_osx_release/addons/ofxJSON/libs,
					../../../Code/of_v0.9.3_osx_release/addons/ofxJSON/libs/jsoncpp,
					../../../Code/of_v0.9.3_osx_release/addons/ofxJSON/libs/jsoncpp/include,
					../../../Code/of_v0.9.3_osx_release/addons/ofxJSON/libs/jsoncpp/include/json,
					../../../Code/of_v0.9.3_osx_release/addons/ofxJSON/libs/jsoncpp/src,
					../../../Code/of_v0.9.3_osx_release/addons/ofxJSON/src,
					../../../Code/of_v0.9.3_osx_release/addons/ofxNetwork/src,
					../../../Code/of_v0.9.3_osx_release/addons/ofxNetworkSync/src,
					../../../Code/of_v0.9.3_osx_release/addons/ofxOsc/libs,
					../../../Code/of_v0.9.3_osx_release/addons/ofxOsc/libs/oscpack,
					../../../Code/of_v0.9.3_osx_release/addons/ofxOsc/libs/oscpack/src,
					../../../Code/of_v0.9.3_osx_release/addons/ofxOsc/libs/oscpack/src/ip,
					../../../Code/of_v0.9.3_osx_release/addons/ofxOsc/libs/oscpack/src/ip/posix,
					../../../Code/of_v0.9.3_osx_release/addons/ofxOsc/libs/oscpack/src/ip/win32,
					../../../Code/of_v0.9.3_osx_release/addons/ofxOsc/libs/oscpack/src/osc,
					../../../Code/of_v0.9.3_osx_release/addons/ofxOsc/src,
					../../../Code/of_v0.9.3_osx_release/addons/ofxSQLiteCpp/libs,
					../../../Code/of_v0.9.3_osx_release/addons/ofxSQLiteCpp/libs/SQLiteCpp,
					../../../Code/of_v0.9.3_osx_release/addons/ofxSQLiteCpp/libs/SQLiteCpp/include,
					../../../Code/of_v0.9.3_osx_release/addons/ofxSQLiteCpp/libs/SQLiteCpp/include/SQLiteCpp,
					../../../Code/of_v0.9.3_osx_release/addons/ofxSQLiteCpp/libs/SQLiteCpp/sqlite3,
					../../../Code/of_v0.9.3_osx_release/addons/ofxSQLiteCpp/libs/SQLiteCpp/src,
					../../../Code/of_v0.9.3_osx_release/addons/ofxSQLiteCpp/src,
					../../../Code/of_v0.9.3_osx_release/addons/ofxVideoRecorder/src,
				);
				ICON = "$(ICON_NAME_RELEASE)";
				ICON_FILE = "$(ICON_FILE_PATH)$(ICON)";
				INFOPLIST_FILE = "openFrameworks-Info.plist";
				INSTALL_PATH = /Applications;
				LIBRARY_SEARCH_PATHS = "$(inherited)";
				PRODUCT_BUNDLE_IDENTIFIER = cc.openFrameworks.ofapp;
				PRODUCT_NAME = "$(TARGET_NAME)";
				WRAPPER_EXTENSION = app;
				baseConfigurationReference = E4EB6923138AFD0F00A09F29;
			};
			name = Release;
		};
/* End XCBuildConfiguration section */

/* Begin XCConfigurationList section */
		E4B69B4D0A3A1720003C02F2 /* Build configuration list for PBXProject "mySketch" */ = {
			isa = XCConfigurationList;
			buildConfigurations = (
				E4B69B4E0A3A1720003C02F2 /* Debug */,
				E4B69B4F0A3A1720003C02F2 /* Release */,
			);
			defaultConfigurationIsVisible = 0;
			defaultConfigurationName = Release;
		};
		E4B69B5F0A3A1757003C02F2 /* Build configuration list for PBXNativeTarget "mySketch" */ = {
			isa = XCConfigurationList;
			buildConfigurations = (
				E4B69B600A3A1757003C02F2 /* Debug */,
				E4B69B610A3A1757003C02F2 /* Release */,
			);
			defaultConfigurationIsVisible = 0;
			defaultConfigurationName = Release;
		};
/* End XCConfigurationList section */
	};
	rootObject = E4B69B4C0A3A1720003C02F2 /* Project object */;
}
