// !$*UTF8*$!
{
	archiveVersion = 1;
	classes = {
	};
	objectVersion = 46;
	objects = {

/* Begin PBXBuildFile section */
		06CDDE1E90B32C44EBD60202 /* OscTypes.cpp in Sources */ = {isa = PBXBuildFile; fileRef = 6B2B8051D27FA0B0830B45D4 /* OscTypes.cpp */; };
		0CE92797F0951E511964B1FE /* SQLiteCppUtils.cpp in Sources */ = {isa = PBXBuildFile; fileRef = DCF815FE83CDF6F8ABE6945D /* SQLiteCppUtils.cpp */; };
		0DFEDAB0756C10BD4E935C21 /* ofxOscSender.cpp in Sources */ = {isa = PBXBuildFile; fileRef = D815EF4613B7BABDE5319445 /* ofxOscSender.cpp */; };
		1140B11DCD9501E3509921C4 /* ofxTCPManager.cpp in Sources */ = {isa = PBXBuildFile; fileRef = 0909A8CCE11810BE9C2C01AB /* ofxTCPManager.cpp */; };
		12AEB03D699C545BDB79C835 /* UdpSocket.cpp in Sources */ = {isa = PBXBuildFile; fileRef = CBC4900F3C911F3F8E955D13 /* UdpSocket.cpp */; };
		1492869BE886BC51582C5E8E /* ofxNetworkSyncClientState.cpp in Sources */ = {isa = PBXBuildFile; fileRef = 674041D45E53E3F6539D78A2 /* ofxNetworkSyncClientState.cpp */; };
		19C8477B095795D2B05D465F /* ofxOscMessage.cpp in Sources */ = {isa = PBXBuildFile; fileRef = 98B7AB643059FA5A48C50132 /* ofxOscMessage.cpp */; };
		1A54591FEF5E83385E541409 /* ofxNetworkSyncServer.cpp in Sources */ = {isa = PBXBuildFile; fileRef = 4A9A1924CD655396E1980602 /* ofxNetworkSyncServer.cpp */; };
		22EDC12460E04869B2D0E1EF /* EEGMarker.cpp in Sources */ = {isa = PBXBuildFile; fileRef = 09936322DF32493FFB9679DC /* EEGMarker.cpp */; };
		31835A90AD98F4E04BC6EED6 /* IpEndpointName.cpp in Sources */ = {isa = PBXBuildFile; fileRef = 93FAADBF70E4B8CFF3FCCB17 /* IpEndpointName.cpp */; };
		31AF6BBE339010D566F7AC37 /* ofxOscReceiver.cpp in Sources */ = {isa = PBXBuildFile; fileRef = DDE865F7FB179B80C2DBD13A /* ofxOscReceiver.cpp */; };
		325A4A38195F9C5852A4605F /* Statement.cpp in Sources */ = {isa = PBXBuildFile; fileRef = BD7BCA886CC334212467705D /* Statement.cpp */; };
		3382FE88732289E4000E36C2 /* ofxHistoryPlot.cpp in Sources */ = {isa = PBXBuildFile; fileRef = C178DDA187597BF57388E71C /* ofxHistoryPlot.cpp */; };
		47E4D724FAE6450A382EFED0 /* OscReceivedElements.cpp in Sources */ = {isa = PBXBuildFile; fileRef = 4A9865B76993E58A7C5C1A19 /* OscReceivedElements.cpp */; };
		4F4285CE2433133BC6FD5DEC /* Database.cpp in Sources */ = {isa = PBXBuildFile; fileRef = 4B057426B787220D6F9DCA84 /* Database.cpp */; };
		50B0559B3F5DB0498F9B41E7 /* ofxTCPClient.cpp in Sources */ = {isa = PBXBuildFile; fileRef = 6E392F5F028BB8BB7D6E0A62 /* ofxTCPClient.cpp */; };
		55171B0B1B75F82824E60EE7 /* Backup.cpp in Sources */ = {isa = PBXBuildFile; fileRef = C12330F3349081F7B99F9224 /* Backup.cpp */; };
		5D2C30CF96A15AE2D9793C63 /* ofxVideoRecorder.cpp in Sources */ = {isa = PBXBuildFile; fileRef = 628FE1FC6833D249D5B83C79 /* ofxVideoRecorder.cpp */; };
		5E892C2E3249A8312763D414 /* OscPrintReceivedElements.cpp in Sources */ = {isa = PBXBuildFile; fileRef = E51D0019531F5069E57F681E /* OscPrintReceivedElements.cpp */; };
		70A46E3451F190970FCF32BE /* ofxUDPManager.cpp in Sources */ = {isa = PBXBuildFile; fileRef = 2145A267632A256776F036F7 /* ofxUDPManager.cpp */; };
		8338FC4DF2349D07EEECB164 /* EEGPlot.cpp in Sources */ = {isa = PBXBuildFile; fileRef = 61A3667C0587E04DFCF991EF /* EEGPlot.cpp */; };
		86B715626F5235FBD16BA3BC /* sqlite3.c in Sources */ = {isa = PBXBuildFile; fileRef = D25C811DB2E35E08F138B5E7 /* sqlite3.c */; };
		AAD5D0321E961E173C3CEED4 /* ofxOscBundle.cpp in Sources */ = {isa = PBXBuildFile; fileRef = 4FFD0684361327A5088FFBAE /* ofxOscBundle.cpp */; };
		AC8D7A7CFE55E69365E40505 /* OscOutboundPacketStream.cpp in Sources */ = {isa = PBXBuildFile; fileRef = EBC120FBAC2DC1FF84845A5F /* OscOutboundPacketStream.cpp */; };
		BF2FFC62B5DCECB22321D0BE /* ofxOscParameterSync.cpp in Sources */ = {isa = PBXBuildFile; fileRef = BFB6E4AE35EB831D18A92954 /* ofxOscParameterSync.cpp */; };
		CA0199A9397CB983C7BE5179 /* Transaction.cpp in Sources */ = {isa = PBXBuildFile; fileRef = 41EF3634A1442EB47E8502F8 /* Transaction.cpp */; };
		D326A2063196A5ACABEDB9BF /* ofxNetworkSyncUdp.cpp in Sources */ = {isa = PBXBuildFile; fileRef = 9511043BC707971E6E470F4A /* ofxNetworkSyncUdp.cpp */; };
		D4005489016C2E2E19FAF4C2 /* Column.cpp in Sources */ = {isa = PBXBuildFile; fileRef = E0FE7F1EE9361E8855E8FE6F /* Column.cpp */; };
		D69A03749CB46596E97C8DD4 /* ofxNetworkSyncClient.cpp in Sources */ = {isa = PBXBuildFile; fileRef = 4D61C7E6EC774A4E51578321 /* ofxNetworkSyncClient.cpp */; };
		E4328149138ABC9F0047C5CB /* openFrameworksDebug.a in Frameworks */ = {isa = PBXBuildFile; fileRef = E4328148138ABC890047C5CB /* openFrameworksDebug.a */; };
		E4B69E200A3A1BDC003C02F2 /* main.cpp in Sources */ = {isa = PBXBuildFile; fileRef = E4B69E1D0A3A1BDC003C02F2 /* main.cpp */; };
		E4B69E210A3A1BDC003C02F2 /* ofApp.cpp in Sources */ = {isa = PBXBuildFile; fileRef = E4B69E1E0A3A1BDC003C02F2 /* ofApp.cpp */; };
		F9A49A0F43D4064C29A40551 /* ofxTCPServer.cpp in Sources */ = {isa = PBXBuildFile; fileRef = 1A49A07FCDB450BC05AA03DC /* ofxTCPServer.cpp */; };
		FAC0B5AAC067761BB1359EFC /* EEGSound.cpp in Sources */ = {isa = PBXBuildFile; fileRef = 7DA5CA454A4972B9926D2E4F /* EEGSound.cpp */; };
		FCE10A04E1165CB8A6CDCBD0 /* NetworkingUtils.cpp in Sources */ = {isa = PBXBuildFile; fileRef = E8F42577660C466DF5F4B5AB /* NetworkingUtils.cpp */; };
/* End PBXBuildFile section */

/* Begin PBXContainerItemProxy section */
		E4328147138ABC890047C5CB /* PBXContainerItemProxy */ = {
			isa = PBXContainerItemProxy;
			containerPortal = E4328143138ABC890047C5CB /* openFrameworksLib.xcodeproj */;
			proxyType = 2;
			remoteGlobalIDString = E4B27C1510CBEB8E00536013;
			remoteInfo = openFrameworks;
		};
		E4EEB9AB138B136A00A80321 /* PBXContainerItemProxy */ = {
			isa = PBXContainerItemProxy;
			containerPortal = E4328143138ABC890047C5CB /* openFrameworksLib.xcodeproj */;
			proxyType = 1;
			remoteGlobalIDString = E4B27C1410CBEB8E00536013;
			remoteInfo = openFrameworks;
		};
/* End PBXContainerItemProxy section */

/* Begin PBXCopyFilesBuildPhase section */
		E4C2427710CC5ABF004149E2 /* CopyFiles */ = {
			isa = PBXCopyFilesBuildPhase;
			buildActionMask = 2147483647;
			dstPath = "";
			dstSubfolderSpec = 10;
			files = (
			);
			runOnlyForDeploymentPostprocessing = 0;
		};
/* End PBXCopyFilesBuildPhase section */

/* Begin PBXFileReference section */
		02345011647FC5AFCD49AB0D /* ofxNetworkSyncUdp.h */ = {isa = PBXFileReference; explicitFileType = sourcecode.c.h; fileEncoding = 30; name = ofxNetworkSyncUdp.h; path = ../../../of_v0.9.3_osx_release/addons/ofxNetworkSync/src/ofxNetworkSyncUdp.h; sourceTree = SOURCE_ROOT; };
		0909A8CCE11810BE9C2C01AB /* ofxTCPManager.cpp */ = {isa = PBXFileReference; explicitFileType = sourcecode.cpp.cpp; fileEncoding = 30; name = ofxTCPManager.cpp; path = ../../../of_v0.9.3_osx_release/addons/ofxNetwork/src/ofxTCPManager.cpp; sourceTree = SOURCE_ROOT; };
		09936322DF32493FFB9679DC /* EEGMarker.cpp */ = {isa = PBXFileReference; explicitFileType = sourcecode.cpp.cpp; fileEncoding = 30; name = EEGMarker.cpp; path = src/EEGMarker.cpp; sourceTree = SOURCE_ROOT; };
		09DF8072FD7355D171AA0F31 /* ofxOscReceiver.h */ = {isa = PBXFileReference; explicitFileType = sourcecode.c.h; fileEncoding = 30; name = ofxOscReceiver.h; path = ../../../of_v0.9.3_osx_release/addons/ofxOsc/src/ofxOscReceiver.h; sourceTree = SOURCE_ROOT; };
		0E05544168F6F780D97FEFAD /* ofxNetworkUtils.h */ = {isa = PBXFileReference; explicitFileType = sourcecode.c.h; fileEncoding = 30; name = ofxNetworkUtils.h; path = ../../../of_v0.9.3_osx_release/addons/ofxNetwork/src/ofxNetworkUtils.h; sourceTree = SOURCE_ROOT; };
		0F54EE25B9B27FFDBF94D20F /* OscOutboundPacketStream.h */ = {isa = PBXFileReference; explicitFileType = sourcecode.c.h; fileEncoding = 30; name = OscOutboundPacketStream.h; path = ../../../of_v0.9.3_osx_release/addons/ofxOsc/libs/oscpack/src/osc/OscOutboundPacketStream.h; sourceTree = SOURCE_ROOT; };
		11C86DA288F844097ED8C320 /* EEGSound.h */ = {isa = PBXFileReference; explicitFileType = sourcecode.c.h; fileEncoding = 30; name = EEGSound.h; path = src/EEGSound.h; sourceTree = SOURCE_ROOT; };
		123EC3F6893368022971277A /* ofxUDPManager.h */ = {isa = PBXFileReference; explicitFileType = sourcecode.c.h; fileEncoding = 30; name = ofxUDPManager.h; path = ../../../of_v0.9.3_osx_release/addons/ofxNetwork/src/ofxUDPManager.h; sourceTree = SOURCE_ROOT; };
		1A49A07FCDB450BC05AA03DC /* ofxTCPServer.cpp */ = {isa = PBXFileReference; explicitFileType = sourcecode.cpp.cpp; fileEncoding = 30; name = ofxTCPServer.cpp; path = ../../../of_v0.9.3_osx_release/addons/ofxNetwork/src/ofxTCPServer.cpp; sourceTree = SOURCE_ROOT; };
		2145A267632A256776F036F7 /* ofxUDPManager.cpp */ = {isa = PBXFileReference; explicitFileType = sourcecode.cpp.cpp; fileEncoding = 30; name = ofxUDPManager.cpp; path = ../../../of_v0.9.3_osx_release/addons/ofxNetwork/src/ofxUDPManager.cpp; sourceTree = SOURCE_ROOT; };
		234DC41C163CCA178550E701 /* MessageMappingOscPacketListener.h */ = {isa = PBXFileReference; explicitFileType = sourcecode.c.h; fileEncoding = 30; name = MessageMappingOscPacketListener.h; path = ../../../of_v0.9.3_osx_release/addons/ofxOsc/libs/oscpack/src/osc/MessageMappingOscPacketListener.h; sourceTree = SOURCE_ROOT; };
		2C02E386EBA89216B14FFB28 /* Database.h */ = {isa = PBXFileReference; explicitFileType = sourcecode.c.h; fileEncoding = 30; name = Database.h; path = ../../../of_v0.9.3_osx_release/addons/ofxSQLiteCpp/libs/SQLiteCpp/include/SQLiteCpp/Database.h; sourceTree = SOURCE_ROOT; };
		318AFDA072B1D03737F15A81 /* ofxOscBundle.h */ = {isa = PBXFileReference; explicitFileType = sourcecode.c.h; fileEncoding = 30; name = ofxOscBundle.h; path = ../../../of_v0.9.3_osx_release/addons/ofxOsc/src/ofxOscBundle.h; sourceTree = SOURCE_ROOT; };
		41EF3634A1442EB47E8502F8 /* Transaction.cpp */ = {isa = PBXFileReference; explicitFileType = sourcecode.cpp.cpp; fileEncoding = 30; name = Transaction.cpp; path = ../../../of_v0.9.3_osx_release/addons/ofxSQLiteCpp/libs/SQLiteCpp/src/Transaction.cpp; sourceTree = SOURCE_ROOT; };
		423A334A5667EAF4D770B7E0 /* ofxOscArg.h */ = {isa = PBXFileReference; explicitFileType = sourcecode.c.h; fileEncoding = 30; name = ofxOscArg.h; path = ../../../of_v0.9.3_osx_release/addons/ofxOsc/src/ofxOscArg.h; sourceTree = SOURCE_ROOT; };
		4A9865B76993E58A7C5C1A19 /* OscReceivedElements.cpp */ = {isa = PBXFileReference; explicitFileType = sourcecode.cpp.cpp; fileEncoding = 30; name = OscReceivedElements.cpp; path = ../../../of_v0.9.3_osx_release/addons/ofxOsc/libs/oscpack/src/osc/OscReceivedElements.cpp; sourceTree = SOURCE_ROOT; };
		4A9A1924CD655396E1980602 /* ofxNetworkSyncServer.cpp */ = {isa = PBXFileReference; explicitFileType = sourcecode.cpp.cpp; fileEncoding = 30; name = ofxNetworkSyncServer.cpp; path = ../../../of_v0.9.3_osx_release/addons/ofxNetworkSync/src/ofxNetworkSyncServer.cpp; sourceTree = SOURCE_ROOT; };
		4B057426B787220D6F9DCA84 /* Database.cpp */ = {isa = PBXFileReference; explicitFileType = sourcecode.cpp.cpp; fileEncoding = 30; name = Database.cpp; path = ../../../of_v0.9.3_osx_release/addons/ofxSQLiteCpp/libs/SQLiteCpp/src/Database.cpp; sourceTree = SOURCE_ROOT; };
		4BE497EDD496D3DAA3B65A86 /* ofxTCPManager.h */ = {isa = PBXFileReference; explicitFileType = sourcecode.c.h; fileEncoding = 30; name = ofxTCPManager.h; path = ../../../of_v0.9.3_osx_release/addons/ofxNetwork/src/ofxTCPManager.h; sourceTree = SOURCE_ROOT; };
		4D1AC3E2AC98A8C584372450 /* EEGMarker.h */ = {isa = PBXFileReference; explicitFileType = sourcecode.c.h; fileEncoding = 30; name = EEGMarker.h; path = src/EEGMarker.h; sourceTree = SOURCE_ROOT; };
		4D61C7E6EC774A4E51578321 /* ofxNetworkSyncClient.cpp */ = {isa = PBXFileReference; explicitFileType = sourcecode.cpp.cpp; fileEncoding = 30; name = ofxNetworkSyncClient.cpp; path = ../../../of_v0.9.3_osx_release/addons/ofxNetworkSync/src/ofxNetworkSyncClient.cpp; sourceTree = SOURCE_ROOT; };
		4F292A3BB92CD9562479E83D /* ofxTCPServer.h */ = {isa = PBXFileReference; explicitFileType = sourcecode.c.h; fileEncoding = 30; name = ofxTCPServer.h; path = ../../../of_v0.9.3_osx_release/addons/ofxNetwork/src/ofxTCPServer.h; sourceTree = SOURCE_ROOT; };
		4FFD0684361327A5088FFBAE /* ofxOscBundle.cpp */ = {isa = PBXFileReference; explicitFileType = sourcecode.cpp.cpp; fileEncoding = 30; name = ofxOscBundle.cpp; path = ../../../of_v0.9.3_osx_release/addons/ofxOsc/src/ofxOscBundle.cpp; sourceTree = SOURCE_ROOT; };
		529850F96871A7A7C22FF459 /* ofxNetworkSyncServerFinder.h */ = {isa = PBXFileReference; explicitFileType = sourcecode.c.h; fileEncoding = 30; name = ofxNetworkSyncServerFinder.h; path = ../../../of_v0.9.3_osx_release/addons/ofxNetworkSync/src/ofxNetworkSyncServerFinder.h; sourceTree = SOURCE_ROOT; };
		55E602BB13E121B26B757E11 /* ofxNetworkSyncConstants.h */ = {isa = PBXFileReference; explicitFileType = sourcecode.c.h; fileEncoding = 30; name = ofxNetworkSyncConstants.h; path = ../../../of_v0.9.3_osx_release/addons/ofxNetworkSync/src/ofxNetworkSyncConstants.h; sourceTree = SOURCE_ROOT; };
		5BF24BE7FCA72931A35F068B /* Column.h */ = {isa = PBXFileReference; explicitFileType = sourcecode.c.h; fileEncoding = 30; name = Column.h; path = ../../../of_v0.9.3_osx_release/addons/ofxSQLiteCpp/libs/SQLiteCpp/include/SQLiteCpp/Column.h; sourceTree = SOURCE_ROOT; };
		5CC5D3A1415AC2FE201A7927 /* ofxOsc.h */ = {isa = PBXFileReference; explicitFileType = sourcecode.c.h; fileEncoding = 30; name = ofxOsc.h; path = ../../../of_v0.9.3_osx_release/addons/ofxOsc/src/ofxOsc.h; sourceTree = SOURCE_ROOT; };
		61A3667C0587E04DFCF991EF /* EEGPlot.cpp */ = {isa = PBXFileReference; explicitFileType = sourcecode.cpp.cpp; fileEncoding = 30; name = EEGPlot.cpp; path = src/EEGPlot.cpp; sourceTree = SOURCE_ROOT; };
		628FE1FC6833D249D5B83C79 /* ofxVideoRecorder.cpp */ = {isa = PBXFileReference; explicitFileType = sourcecode.cpp.cpp; fileEncoding = 30; name = ofxVideoRecorder.cpp; path = ../../../of_v0.9.3_osx_release/addons/ofxVideoRecorder/src/ofxVideoRecorder.cpp; sourceTree = SOURCE_ROOT; };
		6592BFCD3550F2954644FACB /* ofxOscParameterSync.h */ = {isa = PBXFileReference; explicitFileType = sourcecode.c.h; fileEncoding = 30; name = ofxOscParameterSync.h; path = ../../../of_v0.9.3_osx_release/addons/ofxOsc/src/ofxOscParameterSync.h; sourceTree = SOURCE_ROOT; };
		674041D45E53E3F6539D78A2 /* ofxNetworkSyncClientState.cpp */ = {isa = PBXFileReference; explicitFileType = sourcecode.cpp.cpp; fileEncoding = 30; name = ofxNetworkSyncClientState.cpp; path = ../../../of_v0.9.3_osx_release/addons/ofxNetworkSync/src/ofxNetworkSyncClientState.cpp; sourceTree = SOURCE_ROOT; };
		67FD3470238FC24C4810EFC3 /* ofxNetworkSync.h */ = {isa = PBXFileReference; explicitFileType = sourcecode.c.h; fileEncoding = 30; name = ofxNetworkSync.h; path = ../../../of_v0.9.3_osx_release/addons/ofxNetworkSync/src/ofxNetworkSync.h; sourceTree = SOURCE_ROOT; };
		6B2B8051D27FA0B0830B45D4 /* OscTypes.cpp */ = {isa = PBXFileReference; explicitFileType = sourcecode.cpp.cpp; fileEncoding = 30; name = OscTypes.cpp; path = ../../../of_v0.9.3_osx_release/addons/ofxOsc/libs/oscpack/src/osc/OscTypes.cpp; sourceTree = SOURCE_ROOT; };
		6E392F5F028BB8BB7D6E0A62 /* ofxTCPClient.cpp */ = {isa = PBXFileReference; explicitFileType = sourcecode.cpp.cpp; fileEncoding = 30; name = ofxTCPClient.cpp; path = ../../../of_v0.9.3_osx_release/addons/ofxNetwork/src/ofxTCPClient.cpp; sourceTree = SOURCE_ROOT; };
		6FF038062FC6A94ECE88F4B1 /* SQLiteCppUtils.h */ = {isa = PBXFileReference; explicitFileType = sourcecode.c.h; fileEncoding = 30; name = SQLiteCppUtils.h; path = ../../../of_v0.9.3_osx_release/addons/ofxSQLiteCpp/src/SQLiteCppUtils.h; sourceTree = SOURCE_ROOT; };
		771219610C0FCAE6F2DFD0A2 /* ofxNetworkSyncClient.h */ = {isa = PBXFileReference; explicitFileType = sourcecode.c.h; fileEncoding = 30; name = ofxNetworkSyncClient.h; path = ../../../of_v0.9.3_osx_release/addons/ofxNetworkSync/src/ofxNetworkSyncClient.h; sourceTree = SOURCE_ROOT; };
		79FB12A8342F6309E6340E63 /* PacketListener.h */ = {isa = PBXFileReference; explicitFileType = sourcecode.c.h; fileEncoding = 30; name = PacketListener.h; path = ../../../of_v0.9.3_osx_release/addons/ofxOsc/libs/oscpack/src/ip/PacketListener.h; sourceTree = SOURCE_ROOT; };
		7A53A5DFFFC4F0283600E811 /* ofxNetworkSyncClientState.h */ = {isa = PBXFileReference; explicitFileType = sourcecode.c.h; fileEncoding = 30; name = ofxNetworkSyncClientState.h; path = ../../../of_v0.9.3_osx_release/addons/ofxNetworkSync/src/ofxNetworkSyncClientState.h; sourceTree = SOURCE_ROOT; };
		7CD5163A01AFC732A72A8FDA /* SQLiteCpp.h */ = {isa = PBXFileReference; explicitFileType = sourcecode.c.h; fileEncoding = 30; name = SQLiteCpp.h; path = ../../../of_v0.9.3_osx_release/addons/ofxSQLiteCpp/libs/SQLiteCpp/include/SQLiteCpp/SQLiteCpp.h; sourceTree = SOURCE_ROOT; };
		7DA5CA454A4972B9926D2E4F /* EEGSound.cpp */ = {isa = PBXFileReference; explicitFileType = sourcecode.cpp.cpp; fileEncoding = 30; name = EEGSound.cpp; path = src/EEGSound.cpp; sourceTree = SOURCE_ROOT; };
		888FE7FAEF19D2ABC0315871 /* ofxOscSender.h */ = {isa = PBXFileReference; explicitFileType = sourcecode.c.h; fileEncoding = 30; name = ofxOscSender.h; path = ../../../of_v0.9.3_osx_release/addons/ofxOsc/src/ofxOscSender.h; sourceTree = SOURCE_ROOT; };
		90E0CC5DE6C30094C4657E45 /* UdpSocket.h */ = {isa = PBXFileReference; explicitFileType = sourcecode.c.h; fileEncoding = 30; name = UdpSocket.h; path = ../../../of_v0.9.3_osx_release/addons/ofxOsc/libs/oscpack/src/ip/UdpSocket.h; sourceTree = SOURCE_ROOT; };
		93FAADBF70E4B8CFF3FCCB17 /* IpEndpointName.cpp */ = {isa = PBXFileReference; explicitFileType = sourcecode.cpp.cpp; fileEncoding = 30; name = IpEndpointName.cpp; path = ../../../of_v0.9.3_osx_release/addons/ofxOsc/libs/oscpack/src/ip/IpEndpointName.cpp; sourceTree = SOURCE_ROOT; };
		9511043BC707971E6E470F4A /* ofxNetworkSyncUdp.cpp */ = {isa = PBXFileReference; explicitFileType = sourcecode.cpp.cpp; fileEncoding = 30; name = ofxNetworkSyncUdp.cpp; path = ../../../of_v0.9.3_osx_release/addons/ofxNetworkSync/src/ofxNetworkSyncUdp.cpp; sourceTree = SOURCE_ROOT; };
		957502566FA8E6A069A83373 /* ofxNetwork.h */ = {isa = PBXFileReference; explicitFileType = sourcecode.c.h; fileEncoding = 30; name = ofxNetwork.h; path = ../../../of_v0.9.3_osx_release/addons/ofxNetwork/src/ofxNetwork.h; sourceTree = SOURCE_ROOT; };
		9666F457B9C6B332B911409C /* sqlite3.h */ = {isa = PBXFileReference; explicitFileType = sourcecode.c.h; fileEncoding = 30; name = sqlite3.h; path = ../../../of_v0.9.3_osx_release/addons/ofxSQLiteCpp/libs/SQLiteCpp/sqlite3/sqlite3.h; sourceTree = SOURCE_ROOT; };
		98B7AB643059FA5A48C50132 /* ofxOscMessage.cpp */ = {isa = PBXFileReference; explicitFileType = sourcecode.cpp.cpp; fileEncoding = 30; name = ofxOscMessage.cpp; path = ../../../of_v0.9.3_osx_release/addons/ofxOsc/src/ofxOscMessage.cpp; sourceTree = SOURCE_ROOT; };
		993B7296159B52F82AA51462 /* Assertion.h */ = {isa = PBXFileReference; explicitFileType = sourcecode.c.h; fileEncoding = 30; name = Assertion.h; path = ../../../of_v0.9.3_osx_release/addons/ofxSQLiteCpp/libs/SQLiteCpp/include/SQLiteCpp/Assertion.h; sourceTree = SOURCE_ROOT; };
		9AE4CBEDB89BB6908A86C08A /* ofxNetworkSyncServer.h */ = {isa = PBXFileReference; explicitFileType = sourcecode.c.h; fileEncoding = 30; name = ofxNetworkSyncServer.h; path = ../../../of_v0.9.3_osx_release/addons/ofxNetworkSync/src/ofxNetworkSyncServer.h; sourceTree = SOURCE_ROOT; };
		9BD27B173E0FFDA7A472225B /* TimerListener.h */ = {isa = PBXFileReference; explicitFileType = sourcecode.c.h; fileEncoding = 30; name = TimerListener.h; path = ../../../of_v0.9.3_osx_release/addons/ofxOsc/libs/oscpack/src/ip/TimerListener.h; sourceTree = SOURCE_ROOT; };
		9BE47DBEA4A4A17064EE441E /* OscTypes.h */ = {isa = PBXFileReference; explicitFileType = sourcecode.c.h; fileEncoding = 30; name = OscTypes.h; path = ../../../of_v0.9.3_osx_release/addons/ofxOsc/libs/oscpack/src/osc/OscTypes.h; sourceTree = SOURCE_ROOT; };
		A44C9139DB60B7A13D320350 /* OscPrintReceivedElements.h */ = {isa = PBXFileReference; explicitFileType = sourcecode.c.h; fileEncoding = 30; name = OscPrintReceivedElements.h; path = ../../../of_v0.9.3_osx_release/addons/ofxOsc/libs/oscpack/src/osc/OscPrintReceivedElements.h; sourceTree = SOURCE_ROOT; };
		A92B44728F329FA525FDE951 /* Statement.h */ = {isa = PBXFileReference; explicitFileType = sourcecode.c.h; fileEncoding = 30; name = Statement.h; path = ../../../of_v0.9.3_osx_release/addons/ofxSQLiteCpp/libs/SQLiteCpp/include/SQLiteCpp/Statement.h; sourceTree = SOURCE_ROOT; };
		AE2DABFAACC2D3FFD9E0D4FB /* NetworkingUtils.h */ = {isa = PBXFileReference; explicitFileType = sourcecode.c.h; fileEncoding = 30; name = NetworkingUtils.h; path = ../../../of_v0.9.3_osx_release/addons/ofxOsc/libs/oscpack/src/ip/NetworkingUtils.h; sourceTree = SOURCE_ROOT; };
		B188EB58601C4ADAFA3AD9F5 /* ofxTCPClient.h */ = {isa = PBXFileReference; explicitFileType = sourcecode.c.h; fileEncoding = 30; name = ofxTCPClient.h; path = ../../../of_v0.9.3_osx_release/addons/ofxNetwork/src/ofxTCPClient.h; sourceTree = SOURCE_ROOT; };
		BD7BCA886CC334212467705D /* Statement.cpp */ = {isa = PBXFileReference; explicitFileType = sourcecode.cpp.cpp; fileEncoding = 30; name = Statement.cpp; path = ../../../of_v0.9.3_osx_release/addons/ofxSQLiteCpp/libs/SQLiteCpp/src/Statement.cpp; sourceTree = SOURCE_ROOT; };
		BFB6E4AE35EB831D18A92954 /* ofxOscParameterSync.cpp */ = {isa = PBXFileReference; explicitFileType = sourcecode.cpp.cpp; fileEncoding = 30; name = ofxOscParameterSync.cpp; path = ../../../of_v0.9.3_osx_release/addons/ofxOsc/src/ofxOscParameterSync.cpp; sourceTree = SOURCE_ROOT; };
		C12330F3349081F7B99F9224 /* Backup.cpp */ = {isa = PBXFileReference; explicitFileType = sourcecode.cpp.cpp; fileEncoding = 30; name = Backup.cpp; path = ../../../of_v0.9.3_osx_release/addons/ofxSQLiteCpp/libs/SQLiteCpp/src/Backup.cpp; sourceTree = SOURCE_ROOT; };
		C1716A6F60BACDBB60647820 /* OscReceivedElements.h */ = {isa = PBXFileReference; explicitFileType = sourcecode.c.h; fileEncoding = 30; name = OscReceivedElements.h; path = ../../../of_v0.9.3_osx_release/addons/ofxOsc/libs/oscpack/src/osc/OscReceivedElements.h; sourceTree = SOURCE_ROOT; };
		C178DDA187597BF57388E71C /* ofxHistoryPlot.cpp */ = {isa = PBXFileReference; explicitFileType = sourcecode.cpp.cpp; fileEncoding = 30; name = ofxHistoryPlot.cpp; path = ../../../of_v0.9.3_osx_release/addons/ofxHistoryPlot/src/ofxHistoryPlot.cpp; sourceTree = SOURCE_ROOT; };
		C4CC95BD138347EA8070ACB7 /* IpEndpointName.h */ = {isa = PBXFileReference; explicitFileType = sourcecode.c.h; fileEncoding = 30; name = IpEndpointName.h; path = ../../../of_v0.9.3_osx_release/addons/ofxOsc/libs/oscpack/src/ip/IpEndpointName.h; sourceTree = SOURCE_ROOT; };
		CA380992D4D7874318681394 /* Backup.h */ = {isa = PBXFileReference; explicitFileType = sourcecode.c.h; fileEncoding = 30; name = Backup.h; path = ../../../of_v0.9.3_osx_release/addons/ofxSQLiteCpp/libs/SQLiteCpp/include/SQLiteCpp/Backup.h; sourceTree = SOURCE_ROOT; };
		CA44954E57174F85763C5E81 /* ofxOscMessage.h */ = {isa = PBXFileReference; explicitFileType = sourcecode.c.h; fileEncoding = 30; name = ofxOscMessage.h; path = ../../../of_v0.9.3_osx_release/addons/ofxOsc/src/ofxOscMessage.h; sourceTree = SOURCE_ROOT; };
		CBC4900F3C911F3F8E955D13 /* UdpSocket.cpp */ = {isa = PBXFileReference; explicitFileType = sourcecode.cpp.cpp; fileEncoding = 30; name = UdpSocket.cpp; path = ../../../of_v0.9.3_osx_release/addons/ofxOsc/libs/oscpack/src/ip/posix/UdpSocket.cpp; sourceTree = SOURCE_ROOT; };
		D25C811DB2E35E08F138B5E7 /* sqlite3.c */ = {isa = PBXFileReference; explicitFileType = sourcecode.c.c; fileEncoding = 30; name = sqlite3.c; path = ../../../of_v0.9.3_osx_release/addons/ofxSQLiteCpp/libs/SQLiteCpp/sqlite3/sqlite3.c; sourceTree = SOURCE_ROOT; };
		D29D3F8CEC18B7623F330DDF /* OscException.h */ = {isa = PBXFileReference; explicitFileType = sourcecode.c.h; fileEncoding = 30; name = OscException.h; path = ../../../of_v0.9.3_osx_release/addons/ofxOsc/libs/oscpack/src/osc/OscException.h; sourceTree = SOURCE_ROOT; };
		D4EAD4E29EC998762805BE33 /* Exception.h */ = {isa = PBXFileReference; explicitFileType = sourcecode.c.h; fileEncoding = 30; name = Exception.h; path = ../../../of_v0.9.3_osx_release/addons/ofxSQLiteCpp/libs/SQLiteCpp/include/SQLiteCpp/Exception.h; sourceTree = SOURCE_ROOT; };
		D54A9022699A0CFA3035AE1B /* ofxHistoryPlot.h */ = {isa = PBXFileReference; explicitFileType = sourcecode.c.h; fileEncoding = 30; name = ofxHistoryPlot.h; path = ../../../of_v0.9.3_osx_release/addons/ofxHistoryPlot/src/ofxHistoryPlot.h; sourceTree = SOURCE_ROOT; };
		D815EF4613B7BABDE5319445 /* ofxOscSender.cpp */ = {isa = PBXFileReference; explicitFileType = sourcecode.cpp.cpp; fileEncoding = 30; name = ofxOscSender.cpp; path = ../../../of_v0.9.3_osx_release/addons/ofxOsc/src/ofxOscSender.cpp; sourceTree = SOURCE_ROOT; };
		DCEAC6DC2BBE82B407F6200D /* OscHostEndianness.h */ = {isa = PBXFileReference; explicitFileType = sourcecode.c.h; fileEncoding = 30; name = OscHostEndianness.h; path = ../../../of_v0.9.3_osx_release/addons/ofxOsc/libs/oscpack/src/osc/OscHostEndianness.h; sourceTree = SOURCE_ROOT; };
		DCF815FE83CDF6F8ABE6945D /* SQLiteCppUtils.cpp */ = {isa = PBXFileReference; explicitFileType = sourcecode.cpp.cpp; fileEncoding = 30; name = SQLiteCppUtils.cpp; path = ../../../of_v0.9.3_osx_release/addons/ofxSQLiteCpp/src/SQLiteCppUtils.cpp; sourceTree = SOURCE_ROOT; };
		DDE865F7FB179B80C2DBD13A /* ofxOscReceiver.cpp */ = {isa = PBXFileReference; explicitFileType = sourcecode.cpp.cpp; fileEncoding = 30; name = ofxOscReceiver.cpp; path = ../../../of_v0.9.3_osx_release/addons/ofxOsc/src/ofxOscReceiver.cpp; sourceTree = SOURCE_ROOT; };
		E0FE7F1EE9361E8855E8FE6F /* Column.cpp */ = {isa = PBXFileReference; explicitFileType = sourcecode.cpp.cpp; fileEncoding = 30; name = Column.cpp; path = ../../../of_v0.9.3_osx_release/addons/ofxSQLiteCpp/libs/SQLiteCpp/src/Column.cpp; sourceTree = SOURCE_ROOT; };
		E4328143138ABC890047C5CB /* openFrameworksLib.xcodeproj */ = {isa = PBXFileReference; lastKnownFileType = "wrapper.pb-project"; name = openFrameworksLib.xcodeproj; path = ../../../of_v0.9.3_osx_release/libs/openFrameworksCompiled/project/osx/openFrameworksLib.xcodeproj; sourceTree = SOURCE_ROOT; };
		E4B69B5B0A3A1756003C02F2 /* mySketchDebug.app */ = {isa = PBXFileReference; explicitFileType = wrapper.application; includeInIndex = 0; path = mySketchDebug.app; sourceTree = BUILT_PRODUCTS_DIR; };
		E4B69E1D0A3A1BDC003C02F2 /* main.cpp */ = {isa = PBXFileReference; fileEncoding = 30; lastKnownFileType = sourcecode.cpp.cpp; name = main.cpp; path = src/main.cpp; sourceTree = SOURCE_ROOT; };
		E4B69E1E0A3A1BDC003C02F2 /* ofApp.cpp */ = {isa = PBXFileReference; explicitFileType = sourcecode.cpp.cpp; fileEncoding = 30; name = ofApp.cpp; path = src/ofApp.cpp; sourceTree = SOURCE_ROOT; };
		E4B69E1F0A3A1BDC003C02F2 /* ofApp.h */ = {isa = PBXFileReference; fileEncoding = 30; lastKnownFileType = sourcecode.c.h; name = ofApp.h; path = src/ofApp.h; sourceTree = SOURCE_ROOT; };
		E4B6FCAD0C3E899E008CF71C /* openFrameworks-Info.plist */ = {isa = PBXFileReference; fileEncoding = 30; lastKnownFileType = text.plist.xml; path = "openFrameworks-Info.plist"; sourceTree = "<group>"; };
		E4EB691F138AFCF100A09F29 /* CoreOF.xcconfig */ = {isa = PBXFileReference; fileEncoding = 4; lastKnownFileType = text.xcconfig; name = CoreOF.xcconfig; path = ../../../of_v0.9.3_osx_release/libs/openFrameworksCompiled/project/osx/CoreOF.xcconfig; sourceTree = SOURCE_ROOT; };
		E4EB6923138AFD0F00A09F29 /* Project.xcconfig */ = {isa = PBXFileReference; fileEncoding = 4; lastKnownFileType = text.xcconfig; path = Project.xcconfig; sourceTree = "<group>"; };
		E51D0019531F5069E57F681E /* OscPrintReceivedElements.cpp */ = {isa = PBXFileReference; explicitFileType = sourcecode.cpp.cpp; fileEncoding = 30; name = OscPrintReceivedElements.cpp; path = ../../../of_v0.9.3_osx_release/addons/ofxOsc/libs/oscpack/src/osc/OscPrintReceivedElements.cpp; sourceTree = SOURCE_ROOT; };
		E8F42577660C466DF5F4B5AB /* NetworkingUtils.cpp */ = {isa = PBXFileReference; explicitFileType = sourcecode.cpp.cpp; fileEncoding = 30; name = NetworkingUtils.cpp; path = ../../../of_v0.9.3_osx_release/addons/ofxOsc/libs/oscpack/src/ip/posix/NetworkingUtils.cpp; sourceTree = SOURCE_ROOT; };
		EBC120FBAC2DC1FF84845A5F /* OscOutboundPacketStream.cpp */ = {isa = PBXFileReference; explicitFileType = sourcecode.cpp.cpp; fileEncoding = 30; name = OscOutboundPacketStream.cpp; path = ../../../of_v0.9.3_osx_release/addons/ofxOsc/libs/oscpack/src/osc/OscOutboundPacketStream.cpp; sourceTree = SOURCE_ROOT; };
		F011FE57193B1ADB67493171 /* EEGPlot.h */ = {isa = PBXFileReference; explicitFileType = sourcecode.c.h; fileEncoding = 30; name = EEGPlot.h; path = src/EEGPlot.h; sourceTree = SOURCE_ROOT; };
		F0C70EE02EA66236896610BC /* ofxVideoRecorder.h */ = {isa = PBXFileReference; explicitFileType = sourcecode.c.h; fileEncoding = 30; name = ofxVideoRecorder.h; path = ../../../of_v0.9.3_osx_release/addons/ofxVideoRecorder/src/ofxVideoRecorder.h; sourceTree = SOURCE_ROOT; };
		F212A39F21CEE29EB9AB1BA5 /* Transaction.h */ = {isa = PBXFileReference; explicitFileType = sourcecode.c.h; fileEncoding = 30; name = Transaction.h; path = ../../../of_v0.9.3_osx_release/addons/ofxSQLiteCpp/libs/SQLiteCpp/include/SQLiteCpp/Transaction.h; sourceTree = SOURCE_ROOT; };
		F679A59F8E2B9BD56ADC3D4A /* OscPacketListener.h */ = {isa = PBXFileReference; explicitFileType = sourcecode.c.h; fileEncoding = 30; name = OscPacketListener.h; path = ../../../of_v0.9.3_osx_release/addons/ofxOsc/libs/oscpack/src/osc/OscPacketListener.h; sourceTree = SOURCE_ROOT; };
/* End PBXFileReference section */

/* Begin PBXFrameworksBuildPhase section */
		E4B69B590A3A1756003C02F2 /* Frameworks */ = {
			isa = PBXFrameworksBuildPhase;
			buildActionMask = 2147483647;
			files = (
				E4328149138ABC9F0047C5CB /* openFrameworksDebug.a in Frameworks */,
			);
			runOnlyForDeploymentPostprocessing = 0;
		};
/* End PBXFrameworksBuildPhase section */

/* Begin PBXGroup section */
		01D5C26D063F4986A520A40A /* include */ = {
			isa = PBXGroup;
			children = (
				6E0EBD58A30A31DFC23B2F8A /* SQLiteCpp */,
			);
			name = include;
			sourceTree = "<group>";
		};
		1019F3C8AD8BD5AFFAF59802 /* libs */ = {
			isa = PBXGroup;
			children = (
				4AB66C60B455603C80ED6B73 /* SQLiteCpp */,
			);
			name = libs;
			sourceTree = "<group>";
		};
		10B4B63F8F3405175B30A62B /* src */ = {
			isa = PBXGroup;
			children = (
				DCF815FE83CDF6F8ABE6945D /* SQLiteCppUtils.cpp */,
				6FF038062FC6A94ECE88F4B1 /* SQLiteCppUtils.h */,
			);
			name = src;
			sourceTree = "<group>";
		};
		18240ECCE4076FB0833A8578 /* ofxNetwork */ = {
			isa = PBXGroup;
			children = (
				219374A14594D121F27FED3A /* src */,
			);
			name = ofxNetwork;
			sourceTree = "<group>";
		};
		1E6801F702E7BA3AF5A0D208 /* src */ = {
			isa = PBXGroup;
			children = (
				C12330F3349081F7B99F9224 /* Backup.cpp */,
				E0FE7F1EE9361E8855E8FE6F /* Column.cpp */,
				4B057426B787220D6F9DCA84 /* Database.cpp */,
				BD7BCA886CC334212467705D /* Statement.cpp */,
				41EF3634A1442EB47E8502F8 /* Transaction.cpp */,
			);
			name = src;
			sourceTree = "<group>";
		};
		219374A14594D121F27FED3A /* src */ = {
			isa = PBXGroup;
			children = (
				957502566FA8E6A069A83373 /* ofxNetwork.h */,
				0E05544168F6F780D97FEFAD /* ofxNetworkUtils.h */,
				6E392F5F028BB8BB7D6E0A62 /* ofxTCPClient.cpp */,
				B188EB58601C4ADAFA3AD9F5 /* ofxTCPClient.h */,
				0909A8CCE11810BE9C2C01AB /* ofxTCPManager.cpp */,
				4BE497EDD496D3DAA3B65A86 /* ofxTCPManager.h */,
				1A49A07FCDB450BC05AA03DC /* ofxTCPServer.cpp */,
				4F292A3BB92CD9562479E83D /* ofxTCPServer.h */,
				2145A267632A256776F036F7 /* ofxUDPManager.cpp */,
				123EC3F6893368022971277A /* ofxUDPManager.h */,
			);
			name = src;
			sourceTree = "<group>";
		};
		30CB364908817057B430D528 /* osc */ = {
			isa = PBXGroup;
			children = (
				234DC41C163CCA178550E701 /* MessageMappingOscPacketListener.h */,
				D29D3F8CEC18B7623F330DDF /* OscException.h */,
				DCEAC6DC2BBE82B407F6200D /* OscHostEndianness.h */,
				EBC120FBAC2DC1FF84845A5F /* OscOutboundPacketStream.cpp */,
				0F54EE25B9B27FFDBF94D20F /* OscOutboundPacketStream.h */,
				F679A59F8E2B9BD56ADC3D4A /* OscPacketListener.h */,
				E51D0019531F5069E57F681E /* OscPrintReceivedElements.cpp */,
				A44C9139DB60B7A13D320350 /* OscPrintReceivedElements.h */,
				4A9865B76993E58A7C5C1A19 /* OscReceivedElements.cpp */,
				C1716A6F60BACDBB60647820 /* OscReceivedElements.h */,
				6B2B8051D27FA0B0830B45D4 /* OscTypes.cpp */,
				9BE47DBEA4A4A17064EE441E /* OscTypes.h */,
			);
			name = osc;
			sourceTree = "<group>";
		};
		33DF582E00E0AC9B1FD972E5 /* sqlite3 */ = {
			isa = PBXGroup;
			children = (
				D25C811DB2E35E08F138B5E7 /* sqlite3.c */,
				9666F457B9C6B332B911409C /* sqlite3.h */,
			);
			name = sqlite3;
			sourceTree = "<group>";
		};
		38871A5825686AE018EC2BF0 /* libs */ = {
			isa = PBXGroup;
			children = (
				86D2677079A3AF4A5A88E29A /* oscpack */,
			);
			name = libs;
			sourceTree = "<group>";
		};
		3BE9C22C7EBA414788E4F83C /* src */ = {
			isa = PBXGroup;
			children = (
				C178DDA187597BF57388E71C /* ofxHistoryPlot.cpp */,
				D54A9022699A0CFA3035AE1B /* ofxHistoryPlot.h */,
			);
			name = src;
			sourceTree = "<group>";
		};
		4AB66C60B455603C80ED6B73 /* SQLiteCpp */ = {
			isa = PBXGroup;
			children = (
				01D5C26D063F4986A520A40A /* include */,
				33DF582E00E0AC9B1FD972E5 /* sqlite3 */,
				1E6801F702E7BA3AF5A0D208 /* src */,
			);
			name = SQLiteCpp;
			sourceTree = "<group>";
		};
		641362CA659FAFEE4E81001B /* posix */ = {
			isa = PBXGroup;
			children = (
				E8F42577660C466DF5F4B5AB /* NetworkingUtils.cpp */,
				CBC4900F3C911F3F8E955D13 /* UdpSocket.cpp */,
			);
			name = posix;
			sourceTree = "<group>";
		};
		6948EE371B920CB800B5AC1A /* local_addons */ = {
			isa = PBXGroup;
			children = (
			);
			name = local_addons;
			sourceTree = "<group>";
		};
		6E0EBD58A30A31DFC23B2F8A /* SQLiteCpp */ = {
			isa = PBXGroup;
			children = (
				993B7296159B52F82AA51462 /* Assertion.h */,
				CA380992D4D7874318681394 /* Backup.h */,
				5BF24BE7FCA72931A35F068B /* Column.h */,
				2C02E386EBA89216B14FFB28 /* Database.h */,
				D4EAD4E29EC998762805BE33 /* Exception.h */,
				7CD5163A01AFC732A72A8FDA /* SQLiteCpp.h */,
				A92B44728F329FA525FDE951 /* Statement.h */,
				F212A39F21CEE29EB9AB1BA5 /* Transaction.h */,
			);
			name = SQLiteCpp;
			sourceTree = "<group>";
		};
		7652B9B7014C8450639DA55C /* ofxVideoRecorder */ = {
			isa = PBXGroup;
			children = (
				89A809C09132402F1523C1C7 /* src */,
			);
			name = ofxVideoRecorder;
			sourceTree = "<group>";
		};
		86D2677079A3AF4A5A88E29A /* oscpack */ = {
			isa = PBXGroup;
			children = (
				D27B2221A225CA523C019676 /* src */,
			);
			name = oscpack;
			sourceTree = "<group>";
		};
		89A809C09132402F1523C1C7 /* src */ = {
			isa = PBXGroup;
			children = (
				628FE1FC6833D249D5B83C79 /* ofxVideoRecorder.cpp */,
				F0C70EE02EA66236896610BC /* ofxVideoRecorder.h */,
			);
			name = src;
			sourceTree = "<group>";
		};
		BB4B014C10F69532006C3DED /* addons */ = {
			isa = PBXGroup;
			children = (
				C65E01A63772FC3E5D61CE7F /* ofxHistoryPlot */,
				18240ECCE4076FB0833A8578 /* ofxNetwork */,
				DF19DA6AFB065663E82F05F4 /* ofxNetworkSync */,
				E6053AB7FEC63D5F83825B88 /* ofxOsc */,
				CE7609CF81F132F43DFD17F2 /* ofxSQLiteCpp */,
				7652B9B7014C8450639DA55C /* ofxVideoRecorder */,
			);
			name = addons;
			sourceTree = "<group>";
		};
		BD2F1A9F8D0C05EDB29122D0 /* src */ = {
			isa = PBXGroup;
			children = (
				5CC5D3A1415AC2FE201A7927 /* ofxOsc.h */,
				423A334A5667EAF4D770B7E0 /* ofxOscArg.h */,
				4FFD0684361327A5088FFBAE /* ofxOscBundle.cpp */,
				318AFDA072B1D03737F15A81 /* ofxOscBundle.h */,
				98B7AB643059FA5A48C50132 /* ofxOscMessage.cpp */,
				CA44954E57174F85763C5E81 /* ofxOscMessage.h */,
				BFB6E4AE35EB831D18A92954 /* ofxOscParameterSync.cpp */,
				6592BFCD3550F2954644FACB /* ofxOscParameterSync.h */,
				DDE865F7FB179B80C2DBD13A /* ofxOscReceiver.cpp */,
				09DF8072FD7355D171AA0F31 /* ofxOscReceiver.h */,
				D815EF4613B7BABDE5319445 /* ofxOscSender.cpp */,
				888FE7FAEF19D2ABC0315871 /* ofxOscSender.h */,
			);
			name = src;
			sourceTree = "<group>";
		};
		C65E01A63772FC3E5D61CE7F /* ofxHistoryPlot */ = {
			isa = PBXGroup;
			children = (
				3BE9C22C7EBA414788E4F83C /* src */,
			);
			name = ofxHistoryPlot;
			sourceTree = "<group>";
		};
		CE7609CF81F132F43DFD17F2 /* ofxSQLiteCpp */ = {
			isa = PBXGroup;
			children = (
				10B4B63F8F3405175B30A62B /* src */,
				1019F3C8AD8BD5AFFAF59802 /* libs */,
			);
			name = ofxSQLiteCpp;
			sourceTree = "<group>";
		};
		D27B2221A225CA523C019676 /* src */ = {
			isa = PBXGroup;
			children = (
				FF8CDF57858E9B94E3237115 /* ip */,
				30CB364908817057B430D528 /* osc */,
			);
			name = src;
			sourceTree = "<group>";
		};
		DF19DA6AFB065663E82F05F4 /* ofxNetworkSync */ = {
			isa = PBXGroup;
			children = (
				E5FD2A97269026CD58CFA5FD /* src */,
			);
			name = ofxNetworkSync;
			sourceTree = "<group>";
		};
		E4328144138ABC890047C5CB /* Products */ = {
			isa = PBXGroup;
			children = (
				E4328148138ABC890047C5CB /* openFrameworksDebug.a */,
			);
			name = Products;
			sourceTree = "<group>";
		};
		E4B69B4A0A3A1720003C02F2 = {
			isa = PBXGroup;
			children = (
				E4B6FCAD0C3E899E008CF71C /* openFrameworks-Info.plist */,
				E4EB6923138AFD0F00A09F29 /* Project.xcconfig */,
				E4B69E1C0A3A1BDC003C02F2 /* src */,
				E4EEC9E9138DF44700A80321 /* openFrameworks */,
				BB4B014C10F69532006C3DED /* addons */,
				6948EE371B920CB800B5AC1A /* local_addons */,
				E4B69B5B0A3A1756003C02F2 /* mySketchDebug.app */,
			);
			sourceTree = "<group>";
		};
		E4B69E1C0A3A1BDC003C02F2 /* src */ = {
			isa = PBXGroup;
			children = (
				E4B69E1D0A3A1BDC003C02F2 /* main.cpp */,
				E4B69E1E0A3A1BDC003C02F2 /* ofApp.cpp */,
				E4B69E1F0A3A1BDC003C02F2 /* ofApp.h */,
				09936322DF32493FFB9679DC /* EEGMarker.cpp */,
				4D1AC3E2AC98A8C584372450 /* EEGMarker.h */,
				61A3667C0587E04DFCF991EF /* EEGPlot.cpp */,
				F011FE57193B1ADB67493171 /* EEGPlot.h */,
				7DA5CA454A4972B9926D2E4F /* EEGSound.cpp */,
				11C86DA288F844097ED8C320 /* EEGSound.h */,
			);
			path = src;
			sourceTree = SOURCE_ROOT;
		};
		E4EEC9E9138DF44700A80321 /* openFrameworks */ = {
			isa = PBXGroup;
			children = (
				E4EB691F138AFCF100A09F29 /* CoreOF.xcconfig */,
				E4328143138ABC890047C5CB /* openFrameworksLib.xcodeproj */,
			);
			name = openFrameworks;
			sourceTree = "<group>";
		};
		E5FD2A97269026CD58CFA5FD /* src */ = {
			isa = PBXGroup;
			children = (
				67FD3470238FC24C4810EFC3 /* ofxNetworkSync.h */,
				4D61C7E6EC774A4E51578321 /* ofxNetworkSyncClient.cpp */,
				771219610C0FCAE6F2DFD0A2 /* ofxNetworkSyncClient.h */,
				674041D45E53E3F6539D78A2 /* ofxNetworkSyncClientState.cpp */,
				7A53A5DFFFC4F0283600E811 /* ofxNetworkSyncClientState.h */,
				55E602BB13E121B26B757E11 /* ofxNetworkSyncConstants.h */,
				4A9A1924CD655396E1980602 /* ofxNetworkSyncServer.cpp */,
				9AE4CBEDB89BB6908A86C08A /* ofxNetworkSyncServer.h */,
				529850F96871A7A7C22FF459 /* ofxNetworkSyncServerFinder.h */,
				9511043BC707971E6E470F4A /* ofxNetworkSyncUdp.cpp */,
				02345011647FC5AFCD49AB0D /* ofxNetworkSyncUdp.h */,
			);
			name = src;
			sourceTree = "<group>";
		};
		E6053AB7FEC63D5F83825B88 /* ofxOsc */ = {
			isa = PBXGroup;
			children = (
				BD2F1A9F8D0C05EDB29122D0 /* src */,
				38871A5825686AE018EC2BF0 /* libs */,
			);
			name = ofxOsc;
			sourceTree = "<group>";
		};
		FF8CDF57858E9B94E3237115 /* ip */ = {
			isa = PBXGroup;
			children = (
				93FAADBF70E4B8CFF3FCCB17 /* IpEndpointName.cpp */,
				C4CC95BD138347EA8070ACB7 /* IpEndpointName.h */,
				AE2DABFAACC2D3FFD9E0D4FB /* NetworkingUtils.h */,
				79FB12A8342F6309E6340E63 /* PacketListener.h */,
				641362CA659FAFEE4E81001B /* posix */,
				9BD27B173E0FFDA7A472225B /* TimerListener.h */,
				90E0CC5DE6C30094C4657E45 /* UdpSocket.h */,
			);
			name = ip;
			sourceTree = "<group>";
		};
/* End PBXGroup section */

/* Begin PBXNativeTarget section */
		E4B69B5A0A3A1756003C02F2 /* mySketch */ = {
			isa = PBXNativeTarget;
			buildConfigurationList = E4B69B5F0A3A1757003C02F2 /* Build configuration list for PBXNativeTarget "mySketch" */;
			buildPhases = (
				E4B69B580A3A1756003C02F2 /* Sources */,
				E4B69B590A3A1756003C02F2 /* Frameworks */,
				E4B6FFFD0C3F9AB9008CF71C /* ShellScript */,
				E4C2427710CC5ABF004149E2 /* CopyFiles */,
			);
			buildRules = (
			);
			dependencies = (
				E4EEB9AC138B136A00A80321 /* PBXTargetDependency */,
			);
			name = mySketch;
			productName = myOFApp;
			productReference = E4B69B5B0A3A1756003C02F2 /* mySketchDebug.app */;
			productType = "com.apple.product-type.application";
		};
/* End PBXNativeTarget section */

/* Begin PBXProject section */
		E4B69B4C0A3A1720003C02F2 /* Project object */ = {
			isa = PBXProject;
			attributes = {
				LastUpgradeCheck = 0600;
			};
			buildConfigurationList = E4B69B4D0A3A1720003C02F2 /* Build configuration list for PBXProject "mySketch" */;
			compatibilityVersion = "Xcode 3.2";
			developmentRegion = English;
			hasScannedForEncodings = 0;
			knownRegions = (
				English,
				Japanese,
				French,
				German,
			);
			mainGroup = E4B69B4A0A3A1720003C02F2;
			productRefGroup = E4B69B4A0A3A1720003C02F2;
			projectDirPath = "";
			projectReferences = (
				{
					ProductGroup = E4328144138ABC890047C5CB /* Products */;
					ProjectRef = E4328143138ABC890047C5CB /* openFrameworksLib.xcodeproj */;
				},
			);
			projectRoot = "";
			targets = (
				E4B69B5A0A3A1756003C02F2 /* mySketch */,
			);
		};
/* End PBXProject section */

/* Begin PBXReferenceProxy section */
		E4328148138ABC890047C5CB /* openFrameworksDebug.a */ = {
			isa = PBXReferenceProxy;
			fileType = archive.ar;
			path = openFrameworksDebug.a;
			remoteRef = E4328147138ABC890047C5CB /* PBXContainerItemProxy */;
			sourceTree = BUILT_PRODUCTS_DIR;
		};
/* End PBXReferenceProxy section */

/* Begin PBXShellScriptBuildPhase section */
		E4B6FFFD0C3F9AB9008CF71C /* ShellScript */ = {
			isa = PBXShellScriptBuildPhase;
			buildActionMask = 2147483647;
			files = (
			);
			inputPaths = (
			);
			outputPaths = (
			);
			runOnlyForDeploymentPostprocessing = 0;
			shellPath = /bin/sh;
			shellScript = "mkdir -p \"$TARGET_BUILD_DIR/$PRODUCT_NAME.app/Contents/Resources/\"\n# Copy default icon file into App/Resources\nrsync -aved \"$ICON_FILE\" \"$TARGET_BUILD_DIR/$PRODUCT_NAME.app/Contents/Resources/\"\n# Copy libfmod and change install directory for fmod to run\nrsync -aved ../../../of_v0.9.3_osx_release/libs/fmodex/lib/osx/libfmodex.dylib \"$TARGET_BUILD_DIR/$PRODUCT_NAME.app/Contents/Frameworks/\";\ninstall_name_tool -change @executable_path/libfmodex.dylib @executable_path/../Frameworks/libfmodex.dylib \"$TARGET_BUILD_DIR/$PRODUCT_NAME.app/Contents/MacOS/$PRODUCT_NAME\";\n# Copy GLUT framework (must remove for AppStore submissions)\nrsync -aved ../../../of_v0.9.3_osx_release/libs/glut/lib/osx/GLUT.framework \"$TARGET_BUILD_DIR/$PRODUCT_NAME.app/Contents/Frameworks/\"\n";
		};
/* End PBXShellScriptBuildPhase section */

/* Begin PBXSourcesBuildPhase section */
		E4B69B580A3A1756003C02F2 /* Sources */ = {
			isa = PBXSourcesBuildPhase;
			buildActionMask = 2147483647;
			files = (
				E4B69E200A3A1BDC003C02F2 /* main.cpp in Sources */,
				E4B69E210A3A1BDC003C02F2 /* ofApp.cpp in Sources */,
				22EDC12460E04869B2D0E1EF /* EEGMarker.cpp in Sources */,
				8338FC4DF2349D07EEECB164 /* EEGPlot.cpp in Sources */,
				FAC0B5AAC067761BB1359EFC /* EEGSound.cpp in Sources */,
				3382FE88732289E4000E36C2 /* ofxHistoryPlot.cpp in Sources */,
				50B0559B3F5DB0498F9B41E7 /* ofxTCPClient.cpp in Sources */,
				1140B11DCD9501E3509921C4 /* ofxTCPManager.cpp in Sources */,
				F9A49A0F43D4064C29A40551 /* ofxTCPServer.cpp in Sources */,
				70A46E3451F190970FCF32BE /* ofxUDPManager.cpp in Sources */,
				D69A03749CB46596E97C8DD4 /* ofxNetworkSyncClient.cpp in Sources */,
				1492869BE886BC51582C5E8E /* ofxNetworkSyncClientState.cpp in Sources */,
				1A54591FEF5E83385E541409 /* ofxNetworkSyncServer.cpp in Sources */,
				D326A2063196A5ACABEDB9BF /* ofxNetworkSyncUdp.cpp in Sources */,
				AAD5D0321E961E173C3CEED4 /* ofxOscBundle.cpp in Sources */,
				19C8477B095795D2B05D465F /* ofxOscMessage.cpp in Sources */,
				BF2FFC62B5DCECB22321D0BE /* ofxOscParameterSync.cpp in Sources */,
				31AF6BBE339010D566F7AC37 /* ofxOscReceiver.cpp in Sources */,
				0DFEDAB0756C10BD4E935C21 /* ofxOscSender.cpp in Sources */,
				31835A90AD98F4E04BC6EED6 /* IpEndpointName.cpp in Sources */,
				FCE10A04E1165CB8A6CDCBD0 /* NetworkingUtils.cpp in Sources */,
				12AEB03D699C545BDB79C835 /* UdpSocket.cpp in Sources */,
				AC8D7A7CFE55E69365E40505 /* OscOutboundPacketStream.cpp in Sources */,
				5E892C2E3249A8312763D414 /* OscPrintReceivedElements.cpp in Sources */,
				47E4D724FAE6450A382EFED0 /* OscReceivedElements.cpp in Sources */,
				06CDDE1E90B32C44EBD60202 /* OscTypes.cpp in Sources */,
				0CE92797F0951E511964B1FE /* SQLiteCppUtils.cpp in Sources */,
				86B715626F5235FBD16BA3BC /* sqlite3.c in Sources */,
				55171B0B1B75F82824E60EE7 /* Backup.cpp in Sources */,
				D4005489016C2E2E19FAF4C2 /* Column.cpp in Sources */,
				4F4285CE2433133BC6FD5DEC /* Database.cpp in Sources */,
				325A4A38195F9C5852A4605F /* Statement.cpp in Sources */,
				CA0199A9397CB983C7BE5179 /* Transaction.cpp in Sources */,
				5D2C30CF96A15AE2D9793C63 /* ofxVideoRecorder.cpp in Sources */,
			);
			runOnlyForDeploymentPostprocessing = 0;
		};
/* End PBXSourcesBuildPhase section */

/* Begin PBXTargetDependency section */
		E4EEB9AC138B136A00A80321 /* PBXTargetDependency */ = {
			isa = PBXTargetDependency;
			name = openFrameworks;
			targetProxy = E4EEB9AB138B136A00A80321 /* PBXContainerItemProxy */;
		};
/* End PBXTargetDependency section */

/* Begin XCBuildConfiguration section */
		E4B69B4E0A3A1720003C02F2 /* Debug */ = {
			isa = XCBuildConfiguration;
			baseConfigurationReference = E4EB6923138AFD0F00A09F29 /* Project.xcconfig */;
			buildSettings = {
				CONFIGURATION_BUILD_DIR = "$(SRCROOT)/bin/";
				COPY_PHASE_STRIP = NO;
				DEAD_CODE_STRIPPING = YES;
				GCC_AUTO_VECTORIZATION = YES;
				GCC_ENABLE_SSE3_EXTENSIONS = YES;
				GCC_ENABLE_SUPPLEMENTAL_SSE3_INSTRUCTIONS = YES;
				GCC_INLINES_ARE_PRIVATE_EXTERN = NO;
				GCC_OPTIMIZATION_LEVEL = 0;
				GCC_SYMBOLS_PRIVATE_EXTERN = NO;
				GCC_WARN_ABOUT_DEPRECATED_FUNCTIONS = YES;
				GCC_WARN_ABOUT_INVALID_OFFSETOF_MACRO = NO;
				GCC_WARN_ALLOW_INCOMPLETE_PROTOCOL = NO;
				GCC_WARN_UNINITIALIZED_AUTOS = NO;
				GCC_WARN_UNUSED_VALUE = NO;
				GCC_WARN_UNUSED_VARIABLE = NO;
				HEADER_SEARCH_PATHS = (
					"$(OF_CORE_HEADERS)",
					src,
					../../../of_v0.9.3_osx_release/addons/ofxHistoryPlot/src,
					../../../of_v0.9.3_osx_release/addons/ofxNetwork/src,
					../../../of_v0.9.3_osx_release/addons/ofxNetworkSync/src,
					../../../of_v0.9.3_osx_release/addons/ofxOsc/libs,
					../../../of_v0.9.3_osx_release/addons/ofxOsc/libs/oscpack,
					../../../of_v0.9.3_osx_release/addons/ofxOsc/libs/oscpack/src,
					../../../of_v0.9.3_osx_release/addons/ofxOsc/libs/oscpack/src/ip,
					../../../of_v0.9.3_osx_release/addons/ofxOsc/libs/oscpack/src/ip/posix,
					../../../of_v0.9.3_osx_release/addons/ofxOsc/libs/oscpack/src/ip/win32,
					../../../of_v0.9.3_osx_release/addons/ofxOsc/libs/oscpack/src/osc,
					../../../of_v0.9.3_osx_release/addons/ofxOsc/src,
					../../../of_v0.9.3_osx_release/addons/ofxSQLiteCpp/libs,
					../../../of_v0.9.3_osx_release/addons/ofxSQLiteCpp/libs/SQLiteCpp,
					../../../of_v0.9.3_osx_release/addons/ofxSQLiteCpp/libs/SQLiteCpp/include,
					../../../of_v0.9.3_osx_release/addons/ofxSQLiteCpp/libs/SQLiteCpp/include/SQLiteCpp,
					../../../of_v0.9.3_osx_release/addons/ofxSQLiteCpp/libs/SQLiteCpp/sqlite3,
					../../../of_v0.9.3_osx_release/addons/ofxSQLiteCpp/libs/SQLiteCpp/src,
					../../../of_v0.9.3_osx_release/addons/ofxSQLiteCpp/src,
					../../../of_v0.9.3_osx_release/addons/ofxVideoRecorder/src,
				);
				MACOSX_DEPLOYMENT_TARGET = 10.8;
				ONLY_ACTIVE_ARCH = YES;
				OTHER_CPLUSPLUSFLAGS = (
					"-D__MACOSX_CORE__",
					"-mtune=native",
				);
				SDKROOT = macosx;
			};
			name = Debug;
		};
		E4B69B4F0A3A1720003C02F2 /* Release */ = {
			isa = XCBuildConfiguration;
			baseConfigurationReference = E4EB6923138AFD0F00A09F29 /* Project.xcconfig */;
			buildSettings = {
				CONFIGURATION_BUILD_DIR = "$(SRCROOT)/bin/";
				COPY_PHASE_STRIP = YES;
				DEAD_CODE_STRIPPING = YES;
				GCC_AUTO_VECTORIZATION = YES;
				GCC_ENABLE_SSE3_EXTENSIONS = YES;
				GCC_ENABLE_SUPPLEMENTAL_SSE3_INSTRUCTIONS = YES;
				GCC_INLINES_ARE_PRIVATE_EXTERN = NO;
				GCC_OPTIMIZATION_LEVEL = 3;
				GCC_SYMBOLS_PRIVATE_EXTERN = NO;
				GCC_UNROLL_LOOPS = YES;
				GCC_WARN_ABOUT_DEPRECATED_FUNCTIONS = YES;
				GCC_WARN_ABOUT_INVALID_OFFSETOF_MACRO = NO;
				GCC_WARN_ALLOW_INCOMPLETE_PROTOCOL = NO;
				GCC_WARN_UNINITIALIZED_AUTOS = NO;
				GCC_WARN_UNUSED_VALUE = NO;
				GCC_WARN_UNUSED_VARIABLE = NO;
				HEADER_SEARCH_PATHS = (
					"$(OF_CORE_HEADERS)",
					src,
					../../../of_v0.9.3_osx_release/addons/ofxHistoryPlot/src,
					../../../of_v0.9.3_osx_release/addons/ofxNetwork/src,
					../../../of_v0.9.3_osx_release/addons/ofxNetworkSync/src,
					../../../of_v0.9.3_osx_release/addons/ofxOsc/libs,
					../../../of_v0.9.3_osx_release/addons/ofxOsc/libs/oscpack,
					../../../of_v0.9.3_osx_release/addons/ofxOsc/libs/oscpack/src,
					../../../of_v0.9.3_osx_release/addons/ofxOsc/libs/oscpack/src/ip,
					../../../of_v0.9.3_osx_release/addons/ofxOsc/libs/oscpack/src/ip/posix,
					../../../of_v0.9.3_osx_release/addons/ofxOsc/libs/oscpack/src/ip/win32,
					../../../of_v0.9.3_osx_release/addons/ofxOsc/libs/oscpack/src/osc,
					../../../of_v0.9.3_osx_release/addons/ofxOsc/src,
					../../../of_v0.9.3_osx_release/addons/ofxSQLiteCpp/libs,
					../../../of_v0.9.3_osx_release/addons/ofxSQLiteCpp/libs/SQLiteCpp,
					../../../of_v0.9.3_osx_release/addons/ofxSQLiteCpp/libs/SQLiteCpp/include,
					../../../of_v0.9.3_osx_release/addons/ofxSQLiteCpp/libs/SQLiteCpp/include/SQLiteCpp,
					../../../of_v0.9.3_osx_release/addons/ofxSQLiteCpp/libs/SQLiteCpp/sqlite3,
					../../../of_v0.9.3_osx_release/addons/ofxSQLiteCpp/libs/SQLiteCpp/src,
					../../../of_v0.9.3_osx_release/addons/ofxSQLiteCpp/src,
					../../../of_v0.9.3_osx_release/addons/ofxVideoRecorder/src,
				);
				MACOSX_DEPLOYMENT_TARGET = 10.8;
				OTHER_CPLUSPLUSFLAGS = (
					"-D__MACOSX_CORE__",
					"-mtune=native",
				);
				SDKROOT = macosx;
			};
			name = Release;
		};
		E4B69B600A3A1757003C02F2 /* Debug */ = {
			isa = XCBuildConfiguration;
			baseConfigurationReference = E4EB6923138AFD0F00A09F29 /* Project.xcconfig */;
			buildSettings = {
				COMBINE_HIDPI_IMAGES = YES;
				COPY_PHASE_STRIP = NO;
				FRAMEWORK_SEARCH_PATHS = (
					"$(inherited)",
					"$(FRAMEWORK_SEARCH_PATHS_QUOTED_FOR_TARGET_1)",
				);
				FRAMEWORK_SEARCH_PATHS_QUOTED_FOR_TARGET_1 = "\"$(SRCROOT)/../../../of_v0.9.3_osx_release/libs/glut/lib/osx\"";
				GCC_DYNAMIC_NO_PIC = NO;
				GCC_GENERATE_DEBUGGING_SYMBOLS = YES;
				GCC_MODEL_TUNING = NONE;
				HEADER_SEARCH_PATHS = (
					"$(OF_CORE_HEADERS)",
					src,
					../../../of_v0.9.3_osx_release/addons/ofxHistoryPlot/src,
					../../../of_v0.9.3_osx_release/addons/ofxNetwork/src,
					../../../of_v0.9.3_osx_release/addons/ofxNetworkSync/src,
					../../../of_v0.9.3_osx_release/addons/ofxOsc/libs,
					../../../of_v0.9.3_osx_release/addons/ofxOsc/libs/oscpack,
					../../../of_v0.9.3_osx_release/addons/ofxOsc/libs/oscpack/src,
					../../../of_v0.9.3_osx_release/addons/ofxOsc/libs/oscpack/src/ip,
					../../../of_v0.9.3_osx_release/addons/ofxOsc/libs/oscpack/src/ip/posix,
					../../../of_v0.9.3_osx_release/addons/ofxOsc/libs/oscpack/src/ip/win32,
					../../../of_v0.9.3_osx_release/addons/ofxOsc/libs/oscpack/src/osc,
					../../../of_v0.9.3_osx_release/addons/ofxOsc/src,
					../../../of_v0.9.3_osx_release/addons/ofxSQLiteCpp/libs,
					../../../of_v0.9.3_osx_release/addons/ofxSQLiteCpp/libs/SQLiteCpp,
					../../../of_v0.9.3_osx_release/addons/ofxSQLiteCpp/libs/SQLiteCpp/include,
					../../../of_v0.9.3_osx_release/addons/ofxSQLiteCpp/libs/SQLiteCpp/include/SQLiteCpp,
					../../../of_v0.9.3_osx_release/addons/ofxSQLiteCpp/libs/SQLiteCpp/sqlite3,
					../../../of_v0.9.3_osx_release/addons/ofxSQLiteCpp/libs/SQLiteCpp/src,
					../../../of_v0.9.3_osx_release/addons/ofxSQLiteCpp/src,
					../../../of_v0.9.3_osx_release/addons/ofxVideoRecorder/src,
					/usr/local/include,
				);
				ICON = "$(ICON_NAME_DEBUG)";
				ICON_FILE = "$(ICON_FILE_PATH)$(ICON)";
				INFOPLIST_FILE = "openFrameworks-Info.plist";
				INSTALL_PATH = /Applications;
				LIBRARY_SEARCH_PATHS = "$(inherited)";
				PRODUCT_NAME = "$(TARGET_NAME)Debug";
				WRAPPER_EXTENSION = app;
			};
			name = Debug;
		};
		E4B69B610A3A1757003C02F2 /* Release */ = {
			isa = XCBuildConfiguration;
			baseConfigurationReference = E4EB6923138AFD0F00A09F29 /* Project.xcconfig */;
			buildSettings = {
				COMBINE_HIDPI_IMAGES = YES;
				COPY_PHASE_STRIP = YES;
				FRAMEWORK_SEARCH_PATHS = (
					"$(inherited)",
					"$(FRAMEWORK_SEARCH_PATHS_QUOTED_FOR_TARGET_1)",
				);
				FRAMEWORK_SEARCH_PATHS_QUOTED_FOR_TARGET_1 = "\"$(SRCROOT)/../../../of_v0.9.3_osx_release/libs/glut/lib/osx\"";
				GCC_GENERATE_DEBUGGING_SYMBOLS = YES;
				GCC_MODEL_TUNING = NONE;
				HEADER_SEARCH_PATHS = (
					"$(OF_CORE_HEADERS)",
					src,
					../../../of_v0.9.3_osx_release/addons/ofxHistoryPlot/src,
					../../../of_v0.9.3_osx_release/addons/ofxNetwork/src,
					../../../of_v0.9.3_osx_release/addons/ofxNetworkSync/src,
					../../../of_v0.9.3_osx_release/addons/ofxOsc/libs,
					../../../of_v0.9.3_osx_release/addons/ofxOsc/libs/oscpack,
					../../../of_v0.9.3_osx_release/addons/ofxOsc/libs/oscpack/src,
					../../../of_v0.9.3_osx_release/addons/ofxOsc/libs/oscpack/src/ip,
					../../../of_v0.9.3_osx_release/addons/ofxOsc/libs/oscpack/src/ip/posix,
					../../../of_v0.9.3_osx_release/addons/ofxOsc/libs/oscpack/src/ip/win32,
					../../../of_v0.9.3_osx_release/addons/ofxOsc/libs/oscpack/src/osc,
					../../../of_v0.9.3_osx_release/addons/ofxOsc/src,
					../../../of_v0.9.3_osx_release/addons/ofxSQLiteCpp/libs,
					../../../of_v0.9.3_osx_release/addons/ofxSQLiteCpp/libs/SQLiteCpp,
					../../../of_v0.9.3_osx_release/addons/ofxSQLiteCpp/libs/SQLiteCpp/include,
					../../../of_v0.9.3_osx_release/addons/ofxSQLiteCpp/libs/SQLiteCpp/include/SQLiteCpp,
					../../../of_v0.9.3_osx_release/addons/ofxSQLiteCpp/libs/SQLiteCpp/sqlite3,
					../../../of_v0.9.3_osx_release/addons/ofxSQLiteCpp/libs/SQLiteCpp/src,
					../../../of_v0.9.3_osx_release/addons/ofxSQLiteCpp/src,
					../../../of_v0.9.3_osx_release/addons/ofxVideoRecorder/src,
					/usr/local/include,
				);
				ICON = "$(ICON_NAME_RELEASE)";
				ICON_FILE = "$(ICON_FILE_PATH)$(ICON)";
				INFOPLIST_FILE = "openFrameworks-Info.plist";
				INSTALL_PATH = /Applications;
				LIBRARY_SEARCH_PATHS = "$(inherited)";
				PRODUCT_NAME = "$(TARGET_NAME)";
				WRAPPER_EXTENSION = app;
				baseConfigurationReference = E4EB6923138AFD0F00A09F29;
			};
			name = Release;
		};
/* End XCBuildConfiguration section */

/* Begin XCConfigurationList section */
		E4B69B4D0A3A1720003C02F2 /* Build configuration list for PBXProject "mySketch" */ = {
			isa = XCConfigurationList;
			buildConfigurations = (
				E4B69B4E0A3A1720003C02F2 /* Debug */,
				E4B69B4F0A3A1720003C02F2 /* Release */,
			);
			defaultConfigurationIsVisible = 0;
			defaultConfigurationName = Release;
		};
		E4B69B5F0A3A1757003C02F2 /* Build configuration list for PBXNativeTarget "mySketch" */ = {
			isa = XCConfigurationList;
			buildConfigurations = (
				E4B69B600A3A1757003C02F2 /* Debug */,
				E4B69B610A3A1757003C02F2 /* Release */,
			);
			defaultConfigurationIsVisible = 0;
			defaultConfigurationName = Release;
		};
/* End XCConfigurationList section */
	};
	rootObject = E4B69B4C0A3A1720003C02F2 /* Project object */;
}
